// !$*UTF8*$!
{
	archiveVersion = 1;
	classes = {
	};
	objectVersion = 46;
	objects = {

/* Begin PBXBuildFile section */
		A10C4A02157D7E1C00DBB7D0 /* BENCHMARK in Resources */ = {isa = PBXBuildFile; fileRef = A10C49B8157D7E1B00DBB7D0 /* BENCHMARK */; };
		A10C4A03157D7E1C00DBB7D0 /* COPYING in Resources */ = {isa = PBXBuildFile; fileRef = A10C49B9157D7E1B00DBB7D0 /* COPYING */; };
		A10C4A04157D7E1C00DBB7D0 /* COPYING.LESSER in Resources */ = {isa = PBXBuildFile; fileRef = A10C49BA157D7E1B00DBB7D0 /* COPYING.LESSER */; };
		A10C4A05157D7E1C00DBB7D0 /* README.markdown in Resources */ = {isa = PBXBuildFile; fileRef = A10C49C0157D7E1B00DBB7D0 /* README.markdown */; };
		A10C4A06157D7E1C00DBB7D0 /* ybase64.c in Sources */ = {isa = PBXBuildFile; fileRef = A10C49C4157D7E1B00DBB7D0 /* ybase64.c */; };
		A10C4A07157D7E1C00DBB7D0 /* NSData+YBase64String.m in Sources */ = {isa = PBXBuildFile; fileRef = A10C49C9157D7E1B00DBB7D0 /* NSData+YBase64String.m */; settings = {COMPILER_FLAGS = "-fno-objc-arc"; }; };
		A10C4A08157D7E1C00DBB7D0 /* NSString+YBase64toData.m in Sources */ = {isa = PBXBuildFile; fileRef = A10C49CB157D7E1B00DBB7D0 /* NSString+YBase64toData.m */; settings = {COMPILER_FLAGS = "-fno-objc-arc"; }; };
		A10C4A09157D7E1C00DBB7D0 /* NSDictionary+YHTTPURLDictionary.m in Sources */ = {isa = PBXBuildFile; fileRef = A10C49D1157D7E1B00DBB7D0 /* NSDictionary+YHTTPURLDictionary.m */; settings = {COMPILER_FLAGS = "-fno-objc-arc"; }; };
		A10C4A0A157D7E1C00DBB7D0 /* NSMutableDictionary+YDuplicatableDictionary.m in Sources */ = {isa = PBXBuildFile; fileRef = A10C49D3157D7E1B00DBB7D0 /* NSMutableDictionary+YDuplicatableDictionary.m */; settings = {COMPILER_FLAGS = "-fno-objc-arc"; }; };
		A10C4A0B157D7E1C00DBB7D0 /* NSString+YHTTPURLString.m in Sources */ = {isa = PBXBuildFile; fileRef = A10C49D5157D7E1B00DBB7D0 /* NSString+YHTTPURLString.m */; settings = {COMPILER_FLAGS = "-fno-objc-arc"; }; };
		A10C4A0C157D7E1C00DBB7D0 /* yoauthv1.m in Sources */ = {isa = PBXBuildFile; fileRef = A10C49DE157D7E1B00DBB7D0 /* yoauthv1.m */; settings = {COMPILER_FLAGS = "-fno-objc-arc"; }; };
		A10C4A0D157D7E1C00DBB7D0 /* yoauthv1_internal.m in Sources */ = {isa = PBXBuildFile; fileRef = A10C49E0157D7E1B00DBB7D0 /* yoauthv1_internal.m */; settings = {COMPILER_FLAGS = "-fno-objc-arc"; }; };
		A10C4A0E157D7E1C00DBB7D0 /* NSError+YOAuthv2.m in Sources */ = {isa = PBXBuildFile; fileRef = A10C49E3157D7E1B00DBB7D0 /* NSError+YOAuthv2.m */; settings = {COMPILER_FLAGS = "-fno-objc-arc"; }; };
		A10C4A0F157D7E1C00DBB7D0 /* yoauthv2.m in Sources */ = {isa = PBXBuildFile; fileRef = A10C49E5157D7E1B00DBB7D0 /* yoauthv2.m */; settings = {COMPILER_FLAGS = "-fno-objc-arc"; }; };
		A10C4A10157D7E1C00DBB7D0 /* yoauth_utilities.m in Sources */ = {isa = PBXBuildFile; fileRef = A10C49E9157D7E1B00DBB7D0 /* yoauth_utilities.m */; settings = {COMPILER_FLAGS = "-fno-objc-arc"; }; };
		A10C4A11157D7E1C00DBB7D0 /* NSMutableURLRequest+YOAuth.m in Sources */ = {isa = PBXBuildFile; fileRef = A10C49ED157D7E1B00DBB7D0 /* NSMutableURLRequest+YOAuth.m */; settings = {COMPILER_FLAGS = "-fno-objc-arc"; }; };
		A10C4A12157D7E1C00DBB7D0 /* InfoPlist.strings in Resources */ = {isa = PBXBuildFile; fileRef = A10C49F1157D7E1B00DBB7D0 /* InfoPlist.strings */; };
		A10C4A13157D7E1C00DBB7D0 /* ytoolkit-Info.plist in Resources */ = {isa = PBXBuildFile; fileRef = A10C49F3157D7E1B00DBB7D0 /* ytoolkit-Info.plist */; };
		A10C4A14157D7E1C00DBB7D0 /* ErrorLocalizedString.strings in Resources */ = {isa = PBXBuildFile; fileRef = A10C49F9157D7E1B00DBB7D0 /* ErrorLocalizedString.strings */; };
		A10C4A15157D7E1C00DBB7D0 /* InfoPlist.strings in Resources */ = {isa = PBXBuildFile; fileRef = A10C49FB157D7E1B00DBB7D0 /* InfoPlist.strings */; };
		A10C4A16157D7E1C00DBB7D0 /* ytoolkitbundle-Info.plist in Resources */ = {isa = PBXBuildFile; fileRef = A10C49FD157D7E1B00DBB7D0 /* ytoolkitbundle-Info.plist */; };
		A8137BB515774AAC008674C8 /* VMTabBarController.m in Sources */ = {isa = PBXBuildFile; fileRef = A8137BB415774AAC008674C8 /* VMTabBarController.m */; };
		A8137BB715774DD5008674C8 /* I4T.png in Resources */ = {isa = PBXBuildFile; fileRef = A8137BB615774DD5008674C8 /* I4T.png */; };
		A8137BB915774E23008674C8 /* I4Tx2.png in Resources */ = {isa = PBXBuildFile; fileRef = A8137BB815774E23008674C8 /* I4Tx2.png */; };
		A89A6AFF15780C4C00AE8ADC /* TrelloClientCredentials.m in Sources */ = {isa = PBXBuildFile; fileRef = A89A6AE715780C4C00AE8ADC /* TrelloClientCredentials.m */; };
		A89A6B0015780C4C00AE8ADC /* VMTrelloApiClient+Action.m in Sources */ = {isa = PBXBuildFile; fileRef = A89A6AEA15780C4C00AE8ADC /* VMTrelloApiClient+Action.m */; };
		A89A6B0115780C4C00AE8ADC /* VMTrelloApiClient+Board.m in Sources */ = {isa = PBXBuildFile; fileRef = A89A6AEC15780C4C00AE8ADC /* VMTrelloApiClient+Board.m */; };
		A89A6B0215780C4C00AE8ADC /* VMTrelloApiClient+Card.m in Sources */ = {isa = PBXBuildFile; fileRef = A89A6AEE15780C4C00AE8ADC /* VMTrelloApiClient+Card.m */; };
		A89A6B0315780C4C00AE8ADC /* VMTrelloApiClient+Checklist.m in Sources */ = {isa = PBXBuildFile; fileRef = A89A6AF015780C4C00AE8ADC /* VMTrelloApiClient+Checklist.m */; };
		A89A6B0415780C4C00AE8ADC /* VMTrelloApiClient+List.m in Sources */ = {isa = PBXBuildFile; fileRef = A89A6AF215780C4C00AE8ADC /* VMTrelloApiClient+List.m */; };
		A89A6B0515780C4C00AE8ADC /* VMTrelloApiClient+Member.m in Sources */ = {isa = PBXBuildFile; fileRef = A89A6AF415780C4C00AE8ADC /* VMTrelloApiClient+Member.m */; };
		A89A6B0615780C4C00AE8ADC /* VMTrelloApiClient+Notification.m in Sources */ = {isa = PBXBuildFile; fileRef = A89A6AF615780C4C00AE8ADC /* VMTrelloApiClient+Notification.m */; };
		A89A6B0715780C4C00AE8ADC /* VMTrelloApiClient+Organization.m in Sources */ = {isa = PBXBuildFile; fileRef = A89A6AF815780C4C00AE8ADC /* VMTrelloApiClient+Organization.m */; };
		A89A6B0815780C4C00AE8ADC /* VMTrelloApiClient+Token.m in Sources */ = {isa = PBXBuildFile; fileRef = A89A6AFA15780C4C00AE8ADC /* VMTrelloApiClient+Token.m */; };
		A89A6B0915780C4C00AE8ADC /* VMTrelloApiClient+Type.m in Sources */ = {isa = PBXBuildFile; fileRef = A89A6AFC15780C4C00AE8ADC /* VMTrelloApiClient+Type.m */; };
		A89A6B0A15780C4C00AE8ADC /* VMTrelloApiClient.m in Sources */ = {isa = PBXBuildFile; fileRef = A89A6AFE15780C4C00AE8ADC /* VMTrelloApiClient.m */; };
		A89A6B1E15783AE000AE8ADC /* TrelloDataEntryViewController.m in Sources */ = {isa = PBXBuildFile; fileRef = A89A6B1D15783AE000AE8ADC /* TrelloDataEntryViewController.m */; };
		A8B3553315772C1E004EB874 /* TrelloLoginViewController.xib in Resources */ = {isa = PBXBuildFile; fileRef = A8B3553215772C1E004EB874 /* TrelloLoginViewController.xib */; };
		A8F969F015769E08007D2E6A /* UIKit.framework in Frameworks */ = {isa = PBXBuildFile; fileRef = A8F969EF15769E08007D2E6A /* UIKit.framework */; };
		A8F969F215769E08007D2E6A /* Foundation.framework in Frameworks */ = {isa = PBXBuildFile; fileRef = A8F969F115769E08007D2E6A /* Foundation.framework */; };
		A8F969F415769E08007D2E6A /* CoreGraphics.framework in Frameworks */ = {isa = PBXBuildFile; fileRef = A8F969F315769E08007D2E6A /* CoreGraphics.framework */; };
		A8F969FA15769E08007D2E6A /* InfoPlist.strings in Resources */ = {isa = PBXBuildFile; fileRef = A8F969F815769E08007D2E6A /* InfoPlist.strings */; };
		A8F969FC15769E08007D2E6A /* main.m in Sources */ = {isa = PBXBuildFile; fileRef = A8F969FB15769E08007D2E6A /* main.m */; };
		A8F96A0015769E08007D2E6A /* VMAppDelegate.m in Sources */ = {isa = PBXBuildFile; fileRef = A8F969FF15769E08007D2E6A /* VMAppDelegate.m */; };
		A8F96A0315769E08007D2E6A /* MainStoryboard_iPhone.storyboard in Resources */ = {isa = PBXBuildFile; fileRef = A8F96A0115769E08007D2E6A /* MainStoryboard_iPhone.storyboard */; };
		A8F96A0615769E08007D2E6A /* MainStoryboard_iPad.storyboard in Resources */ = {isa = PBXBuildFile; fileRef = A8F96A0415769E08007D2E6A /* MainStoryboard_iPad.storyboard */; };
		A8F96A0B15769E08007D2E6A /* first.png in Resources */ = {isa = PBXBuildFile; fileRef = A8F96A0A15769E08007D2E6A /* first.png */; };
		A8F96A0D15769E08007D2E6A /* first@2x.png in Resources */ = {isa = PBXBuildFile; fileRef = A8F96A0C15769E08007D2E6A /* first@2x.png */; };
		A8F96A1215769E08007D2E6A /* second.png in Resources */ = {isa = PBXBuildFile; fileRef = A8F96A1115769E08007D2E6A /* second.png */; };
		A8F96A1415769E08007D2E6A /* second@2x.png in Resources */ = {isa = PBXBuildFile; fileRef = A8F96A1315769E08007D2E6A /* second@2x.png */; };
		A8F96A1C15769E08007D2E6A /* SenTestingKit.framework in Frameworks */ = {isa = PBXBuildFile; fileRef = A8F96A1B15769E08007D2E6A /* SenTestingKit.framework */; };
		A8F96A1D15769E08007D2E6A /* UIKit.framework in Frameworks */ = {isa = PBXBuildFile; fileRef = A8F969EF15769E08007D2E6A /* UIKit.framework */; };
		A8F96A1E15769E08007D2E6A /* Foundation.framework in Frameworks */ = {isa = PBXBuildFile; fileRef = A8F969F115769E08007D2E6A /* Foundation.framework */; };
		A8F96A2615769E08007D2E6A /* InfoPlist.strings in Resources */ = {isa = PBXBuildFile; fileRef = A8F96A2415769E08007D2E6A /* InfoPlist.strings */; };
		A8F96A2915769E08007D2E6A /* ios_trelloTests.m in Sources */ = {isa = PBXBuildFile; fileRef = A8F96A2815769E08007D2E6A /* ios_trelloTests.m */; };
		A8F96A791576B341007D2E6A /* TrelloBoardOpsViewController.m in Sources */ = {isa = PBXBuildFile; fileRef = A8F96A781576B341007D2E6A /* TrelloBoardOpsViewController.m */; };
		A8F96A7F1576B39D007D2E6A /* TrelloBoardListViewController.m in Sources */ = {isa = PBXBuildFile; fileRef = A8F96A7C1576B39D007D2E6A /* TrelloBoardListViewController.m */; };
		A8F96A811576B39D007D2E6A /* TrelloLoginViewController.m in Sources */ = {isa = PBXBuildFile; fileRef = A8F96A7E1576B39D007D2E6A /* TrelloLoginViewController.m */; };
		A8F96A991576B3D6007D2E6A /* AFHTTPClient.m in Sources */ = {isa = PBXBuildFile; fileRef = A8F96A851576B3D6007D2E6A /* AFHTTPClient.m */; settings = {COMPILER_FLAGS = "-fno-objc-arc"; }; };
		A8F96A9B1576B3D6007D2E6A /* AFHTTPRequestOperation.m in Sources */ = {isa = PBXBuildFile; fileRef = A8F96A871576B3D6007D2E6A /* AFHTTPRequestOperation.m */; settings = {COMPILER_FLAGS = "-fno-objc-arc"; }; };
		A8F96A9D1576B3D6007D2E6A /* AFImageRequestOperation.m in Sources */ = {isa = PBXBuildFile; fileRef = A8F96A891576B3D6007D2E6A /* AFImageRequestOperation.m */; settings = {COMPILER_FLAGS = "-fno-objc-arc"; }; };
		A8F96A9F1576B3D6007D2E6A /* AFJSONRequestOperation.m in Sources */ = {isa = PBXBuildFile; fileRef = A8F96A8B1576B3D6007D2E6A /* AFJSONRequestOperation.m */; settings = {COMPILER_FLAGS = "-fno-objc-arc"; }; };
		A8F96AA11576B3D6007D2E6A /* AFJSONUtilities.m in Sources */ = {isa = PBXBuildFile; fileRef = A8F96A8D1576B3D6007D2E6A /* AFJSONUtilities.m */; settings = {COMPILER_FLAGS = "-fno-objc-arc"; }; };
		A8F96AA31576B3D6007D2E6A /* AFNetworkActivityIndicatorManager.m in Sources */ = {isa = PBXBuildFile; fileRef = A8F96A8F1576B3D6007D2E6A /* AFNetworkActivityIndicatorManager.m */; settings = {COMPILER_FLAGS = "-fno-objc-arc"; }; };
		A8F96AA51576B3D6007D2E6A /* AFPropertyListRequestOperation.m in Sources */ = {isa = PBXBuildFile; fileRef = A8F96A921576B3D6007D2E6A /* AFPropertyListRequestOperation.m */; settings = {COMPILER_FLAGS = "-fno-objc-arc"; }; };
		A8F96AA71576B3D6007D2E6A /* AFURLConnectionOperation.m in Sources */ = {isa = PBXBuildFile; fileRef = A8F96A941576B3D6007D2E6A /* AFURLConnectionOperation.m */; settings = {COMPILER_FLAGS = "-fno-objc-arc"; }; };
		A8F96AA91576B3D6007D2E6A /* AFXMLRequestOperation.m in Sources */ = {isa = PBXBuildFile; fileRef = A8F96A961576B3D6007D2E6A /* AFXMLRequestOperation.m */; settings = {COMPILER_FLAGS = "-fno-objc-arc"; }; };
		A8F96AAB1576B3D6007D2E6A /* UIImageView+AFNetworking.m in Sources */ = {isa = PBXBuildFile; fileRef = A8F96A981576B3D6007D2E6A /* UIImageView+AFNetworking.m */; settings = {COMPILER_FLAGS = "-fno-objc-arc"; }; };
		A8F96B511576B54B007D2E6A /* OAuthBaseFeedViewController.m in Sources */ = {isa = PBXBuildFile; fileRef = A8F96B4C1576B54B007D2E6A /* OAuthBaseFeedViewController.m */; };
		A8F96B531576B54B007D2E6A /* OAuthv1BaseFeedViewController.m in Sources */ = {isa = PBXBuildFile; fileRef = A8F96B4E1576B54B007D2E6A /* OAuthv1BaseFeedViewController.m */; };
		A8F96B551576B54B007D2E6A /* OAuthv1BaseLoginViewController.m in Sources */ = {isa = PBXBuildFile; fileRef = A8F96B501576B54B007D2E6A /* OAuthv1BaseLoginViewController.m */; };
		A8F96B5C1576B6EB007D2E6A /* Reachability.m in Sources */ = {isa = PBXBuildFile; fileRef = A8F96B5B1576B6EB007D2E6A /* Reachability.m */; settings = {COMPILER_FLAGS = "-fno-objc-arc"; }; };
		A8F96B601576B741007D2E6A /* VMTools.m in Sources */ = {isa = PBXBuildFile; fileRef = A8F96B5F1576B740007D2E6A /* VMTools.m */; };
		A8F96B701576D6F5007D2E6A /* SystemConfiguration.framework in Frameworks */ = {isa = PBXBuildFile; fileRef = A8F96B6F1576D6F5007D2E6A /* SystemConfiguration.framework */; };
		A8F96B721576D723007D2E6A /* Security.framework in Frameworks */ = {isa = PBXBuildFile; fileRef = A8F96B711576D723007D2E6A /* Security.framework */; };
/* End PBXBuildFile section */

/* Begin PBXContainerItemProxy section */
		A10C4A24157D7E1C00DBB7D0 /* PBXContainerItemProxy */ = {
			isa = PBXContainerItemProxy;
			containerPortal = A10C49F5157D7E1B00DBB7D0 /* ytoolkit.xcodeproj */;
			proxyType = 2;
			remoteGlobalIDString = 9A09913B147B9D6C005FBF4B;
			remoteInfo = "ybase64-iOS";
		};
		A10C4A26157D7E1C00DBB7D0 /* PBXContainerItemProxy */ = {
			isa = PBXContainerItemProxy;
			containerPortal = A10C49F5157D7E1B00DBB7D0 /* ytoolkit.xcodeproj */;
			proxyType = 2;
			remoteGlobalIDString = 9A0991DB147BA274005FBF4B;
			remoteInfo = "ybase64additions-iOS";
		};
		A10C4A28157D7E1C00DBB7D0 /* PBXContainerItemProxy */ = {
			isa = PBXContainerItemProxy;
			containerPortal = A10C49F5157D7E1B00DBB7D0 /* ytoolkit.xcodeproj */;
			proxyType = 2;
			remoteGlobalIDString = 9A0991A4147BA059005FBF4B;
			remoteInfo = "ycocoaadditions-iOS";
		};
		A10C4A2A157D7E1C00DBB7D0 /* PBXContainerItemProxy */ = {
			isa = PBXContainerItemProxy;
			containerPortal = A10C49F5157D7E1B00DBB7D0 /* ytoolkit.xcodeproj */;
			proxyType = 2;
			remoteGlobalIDString = 9A099231147BA3F6005FBF4B;
			remoteInfo = "yoauth-iOS";
		};
		A10C4A2C157D7E1C00DBB7D0 /* PBXContainerItemProxy */ = {
			isa = PBXContainerItemProxy;
			containerPortal = A10C49F5157D7E1B00DBB7D0 /* ytoolkit.xcodeproj */;
			proxyType = 2;
			remoteGlobalIDString = 9AC0C4E4147E9B1C008E5AD5;
			remoteInfo = "yoauthadditions-iOS";
		};
		A10C4A2E157D7E1C00DBB7D0 /* PBXContainerItemProxy */ = {
			isa = PBXContainerItemProxy;
			containerPortal = A10C49F5157D7E1B00DBB7D0 /* ytoolkit.xcodeproj */;
			proxyType = 2;
			remoteGlobalIDString = 9A09914B147B9D6C005FBF4B;
			remoteInfo = ybase64Tests;
		};
		A10C4A30157D7E1C00DBB7D0 /* PBXContainerItemProxy */ = {
			isa = PBXContainerItemProxy;
			containerPortal = A10C49F5157D7E1B00DBB7D0 /* ytoolkit.xcodeproj */;
			proxyType = 2;
			remoteGlobalIDString = 9A0991B1147BA059005FBF4B;
			remoteInfo = ycocoaadditionsTests;
		};
		A10C4A32157D7E1C00DBB7D0 /* PBXContainerItemProxy */ = {
			isa = PBXContainerItemProxy;
			containerPortal = A10C49F5157D7E1B00DBB7D0 /* ytoolkit.xcodeproj */;
			proxyType = 2;
			remoteGlobalIDString = 9A0991E8147BA274005FBF4B;
			remoteInfo = ybase64additionsTests;
		};
		A10C4A34157D7E1C00DBB7D0 /* PBXContainerItemProxy */ = {
			isa = PBXContainerItemProxy;
			containerPortal = A10C49F5157D7E1B00DBB7D0 /* ytoolkit.xcodeproj */;
			proxyType = 2;
			remoteGlobalIDString = 9A09923E147BA3F6005FBF4B;
			remoteInfo = yoauthTests;
		};
		A10C4A36157D7E1C00DBB7D0 /* PBXContainerItemProxy */ = {
			isa = PBXContainerItemProxy;
			containerPortal = A10C49F5157D7E1B00DBB7D0 /* ytoolkit.xcodeproj */;
			proxyType = 2;
			remoteGlobalIDString = 9AC17AEC147BB3FC00499A4F;
			remoteInfo = ytoolkit;
		};
		A10C4A38157D7E1C00DBB7D0 /* PBXContainerItemProxy */ = {
			isa = PBXContainerItemProxy;
			containerPortal = A10C49F5157D7E1B00DBB7D0 /* ytoolkit.xcodeproj */;
			proxyType = 2;
			remoteGlobalIDString = 9AC0C4F1147E9B1C008E5AD5;
			remoteInfo = yoauthadditionsTests;
		};
		A10C4A3A157D7E1C00DBB7D0 /* PBXContainerItemProxy */ = {
			isa = PBXContainerItemProxy;
			containerPortal = A10C49F5157D7E1B00DBB7D0 /* ytoolkit.xcodeproj */;
			proxyType = 2;
			remoteGlobalIDString = 9AC0FCD21481318000E020AF;
			remoteInfo = ytoolkitbundle;
		};
		A10C4A3C157D7E1C00DBB7D0 /* PBXContainerItemProxy */ = {
			isa = PBXContainerItemProxy;
			containerPortal = A10C49F5157D7E1B00DBB7D0 /* ytoolkit.xcodeproj */;
			proxyType = 2;
			remoteGlobalIDString = 9AED768D1498FECE001074E5;
			remoteInfo = "ycocoaadditions-MacOSX";
		};
		A10C4A3E157D7E2700DBB7D0 /* PBXContainerItemProxy */ = {
			isa = PBXContainerItemProxy;
			containerPortal = A10C49F5157D7E1B00DBB7D0 /* ytoolkit.xcodeproj */;
			proxyType = 1;
			remoteGlobalIDString = 9AC17AEB147BB3FC00499A4F;
			remoteInfo = ytoolkit;
		};
		A8F96A1F15769E08007D2E6A /* PBXContainerItemProxy */ = {
			isa = PBXContainerItemProxy;
			containerPortal = A8F969E215769E08007D2E6A /* Project object */;
			proxyType = 1;
			remoteGlobalIDString = A8F969EA15769E08007D2E6A;
			remoteInfo = "ios-trello";
		};
/* End PBXContainerItemProxy section */

/* Begin PBXFileReference section */
		A10C49B8157D7E1B00DBB7D0 /* BENCHMARK */ = {isa = PBXFileReference; fileEncoding = 4; lastKnownFileType = text; path = BENCHMARK; sourceTree = "<group>"; };
		A10C49B9157D7E1B00DBB7D0 /* COPYING */ = {isa = PBXFileReference; fileEncoding = 4; lastKnownFileType = text; path = COPYING; sourceTree = "<group>"; };
		A10C49BA157D7E1B00DBB7D0 /* COPYING.LESSER */ = {isa = PBXFileReference; fileEncoding = 4; lastKnownFileType = text; path = COPYING.LESSER; sourceTree = "<group>"; };
		A10C49BD157D7E1B00DBB7D0 /* ydefines.h */ = {isa = PBXFileReference; fileEncoding = 4; lastKnownFileType = sourcecode.c.h; path = ydefines.h; sourceTree = "<group>"; };
		A10C49BE157D7E1B00DBB7D0 /* ymacros.h */ = {isa = PBXFileReference; fileEncoding = 4; lastKnownFileType = sourcecode.c.h; path = ymacros.h; sourceTree = "<group>"; };
		A10C49BF157D7E1B00DBB7D0 /* ytiming.h */ = {isa = PBXFileReference; fileEncoding = 4; lastKnownFileType = sourcecode.c.h; path = ytiming.h; sourceTree = "<group>"; };
		A10C49C0157D7E1B00DBB7D0 /* README.markdown */ = {isa = PBXFileReference; fileEncoding = 4; lastKnownFileType = text; path = README.markdown; sourceTree = "<group>"; };
		A10C49C3157D7E1B00DBB7D0 /* ybase64-Prefix.pch */ = {isa = PBXFileReference; fileEncoding = 4; lastKnownFileType = sourcecode.c.h; path = "ybase64-Prefix.pch"; sourceTree = "<group>"; };
		A10C49C4157D7E1B00DBB7D0 /* ybase64.c */ = {isa = PBXFileReference; fileEncoding = 4; lastKnownFileType = sourcecode.c.c; path = ybase64.c; sourceTree = "<group>"; };
		A10C49C5157D7E1B00DBB7D0 /* ybase64.h */ = {isa = PBXFileReference; fileEncoding = 4; lastKnownFileType = sourcecode.c.h; path = ybase64.h; sourceTree = "<group>"; };
		A10C49C8157D7E1B00DBB7D0 /* NSData+YBase64String.h */ = {isa = PBXFileReference; fileEncoding = 4; lastKnownFileType = sourcecode.c.h; path = "NSData+YBase64String.h"; sourceTree = "<group>"; };
		A10C49C9157D7E1B00DBB7D0 /* NSData+YBase64String.m */ = {isa = PBXFileReference; fileEncoding = 4; lastKnownFileType = sourcecode.c.objc; path = "NSData+YBase64String.m"; sourceTree = "<group>"; };
		A10C49CA157D7E1B00DBB7D0 /* NSString+YBase64toData.h */ = {isa = PBXFileReference; fileEncoding = 4; lastKnownFileType = sourcecode.c.h; path = "NSString+YBase64toData.h"; sourceTree = "<group>"; };
		A10C49CB157D7E1B00DBB7D0 /* NSString+YBase64toData.m */ = {isa = PBXFileReference; fileEncoding = 4; lastKnownFileType = sourcecode.c.objc; path = "NSString+YBase64toData.m"; sourceTree = "<group>"; };
		A10C49CC157D7E1B00DBB7D0 /* ybase64additions-Prefix.pch */ = {isa = PBXFileReference; fileEncoding = 4; lastKnownFileType = sourcecode.c.h; path = "ybase64additions-Prefix.pch"; sourceTree = "<group>"; };
		A10C49CD157D7E1B00DBB7D0 /* ybase64additions.h */ = {isa = PBXFileReference; fileEncoding = 4; lastKnownFileType = sourcecode.c.h; path = ybase64additions.h; sourceTree = "<group>"; };
		A10C49D0157D7E1B00DBB7D0 /* NSDictionary+YHTTPURLDictionary.h */ = {isa = PBXFileReference; fileEncoding = 4; lastKnownFileType = sourcecode.c.h; path = "NSDictionary+YHTTPURLDictionary.h"; sourceTree = "<group>"; };
		A10C49D1157D7E1B00DBB7D0 /* NSDictionary+YHTTPURLDictionary.m */ = {isa = PBXFileReference; fileEncoding = 4; lastKnownFileType = sourcecode.c.objc; path = "NSDictionary+YHTTPURLDictionary.m"; sourceTree = "<group>"; };
		A10C49D2157D7E1B00DBB7D0 /* NSMutableDictionary+YDuplicatableDictionary.h */ = {isa = PBXFileReference; fileEncoding = 4; lastKnownFileType = sourcecode.c.h; path = "NSMutableDictionary+YDuplicatableDictionary.h"; sourceTree = "<group>"; };
		A10C49D3157D7E1B00DBB7D0 /* NSMutableDictionary+YDuplicatableDictionary.m */ = {isa = PBXFileReference; fileEncoding = 4; lastKnownFileType = sourcecode.c.objc; path = "NSMutableDictionary+YDuplicatableDictionary.m"; sourceTree = "<group>"; };
		A10C49D4157D7E1B00DBB7D0 /* NSString+YHTTPURLString.h */ = {isa = PBXFileReference; fileEncoding = 4; lastKnownFileType = sourcecode.c.h; path = "NSString+YHTTPURLString.h"; sourceTree = "<group>"; };
		A10C49D5157D7E1B00DBB7D0 /* NSString+YHTTPURLString.m */ = {isa = PBXFileReference; fileEncoding = 4; lastKnownFileType = sourcecode.c.objc; path = "NSString+YHTTPURLString.m"; sourceTree = "<group>"; };
		A10C49D6157D7E1B00DBB7D0 /* ycocoaadditions-Prefix.pch */ = {isa = PBXFileReference; fileEncoding = 4; lastKnownFileType = sourcecode.c.h; path = "ycocoaadditions-Prefix.pch"; sourceTree = "<group>"; };
		A10C49D7157D7E1B00DBB7D0 /* ycocoaadditions.h */ = {isa = PBXFileReference; fileEncoding = 4; lastKnownFileType = sourcecode.c.h; path = ycocoaadditions.h; sourceTree = "<group>"; };
		A10C49D9157D7E1B00DBB7D0 /* ycocoaaditions-MacOSX-Prefix.pch */ = {isa = PBXFileReference; fileEncoding = 4; lastKnownFileType = sourcecode.c.h; path = "ycocoaaditions-MacOSX-Prefix.pch"; sourceTree = "<group>"; };
		A10C49DD157D7E1B00DBB7D0 /* yoauthv1.h */ = {isa = PBXFileReference; fileEncoding = 4; lastKnownFileType = sourcecode.c.h; path = yoauthv1.h; sourceTree = "<group>"; };
		A10C49DE157D7E1B00DBB7D0 /* yoauthv1.m */ = {isa = PBXFileReference; fileEncoding = 4; lastKnownFileType = sourcecode.c.objc; path = yoauthv1.m; sourceTree = "<group>"; };
		A10C49DF157D7E1B00DBB7D0 /* yoauthv1_internal.h */ = {isa = PBXFileReference; fileEncoding = 4; lastKnownFileType = sourcecode.c.h; path = yoauthv1_internal.h; sourceTree = "<group>"; };
		A10C49E0157D7E1B00DBB7D0 /* yoauthv1_internal.m */ = {isa = PBXFileReference; fileEncoding = 4; lastKnownFileType = sourcecode.c.objc; path = yoauthv1_internal.m; sourceTree = "<group>"; };
		A10C49E2157D7E1B00DBB7D0 /* NSError+YOAuthv2.h */ = {isa = PBXFileReference; fileEncoding = 4; lastKnownFileType = sourcecode.c.h; path = "NSError+YOAuthv2.h"; sourceTree = "<group>"; };
		A10C49E3157D7E1B00DBB7D0 /* NSError+YOAuthv2.m */ = {isa = PBXFileReference; fileEncoding = 4; lastKnownFileType = sourcecode.c.objc; path = "NSError+YOAuthv2.m"; sourceTree = "<group>"; };
		A10C49E4157D7E1B00DBB7D0 /* yoauthv2.h */ = {isa = PBXFileReference; fileEncoding = 4; lastKnownFileType = sourcecode.c.h; path = yoauthv2.h; sourceTree = "<group>"; };
		A10C49E5157D7E1B00DBB7D0 /* yoauthv2.m */ = {isa = PBXFileReference; fileEncoding = 4; lastKnownFileType = sourcecode.c.objc; path = yoauthv2.m; sourceTree = "<group>"; };
		A10C49E6157D7E1B00DBB7D0 /* yoauth-Prefix.pch */ = {isa = PBXFileReference; fileEncoding = 4; lastKnownFileType = sourcecode.c.h; path = "yoauth-Prefix.pch"; sourceTree = "<group>"; };
		A10C49E7157D7E1B00DBB7D0 /* yoauth.h */ = {isa = PBXFileReference; fileEncoding = 4; lastKnownFileType = sourcecode.c.h; path = yoauth.h; sourceTree = "<group>"; };
		A10C49E8157D7E1B00DBB7D0 /* yoauth_utilities.h */ = {isa = PBXFileReference; fileEncoding = 4; lastKnownFileType = sourcecode.c.h; path = yoauth_utilities.h; sourceTree = "<group>"; };
		A10C49E9157D7E1B00DBB7D0 /* yoauth_utilities.m */ = {isa = PBXFileReference; fileEncoding = 4; lastKnownFileType = sourcecode.c.objc; path = yoauth_utilities.m; sourceTree = "<group>"; };
		A10C49EC157D7E1B00DBB7D0 /* NSMutableURLRequest+YOAuth.h */ = {isa = PBXFileReference; fileEncoding = 4; lastKnownFileType = sourcecode.c.h; path = "NSMutableURLRequest+YOAuth.h"; sourceTree = "<group>"; };
		A10C49ED157D7E1B00DBB7D0 /* NSMutableURLRequest+YOAuth.m */ = {isa = PBXFileReference; fileEncoding = 4; lastKnownFileType = sourcecode.c.objc; path = "NSMutableURLRequest+YOAuth.m"; sourceTree = "<group>"; };
		A10C49EE157D7E1B00DBB7D0 /* yoauthadditions-Prefix.pch */ = {isa = PBXFileReference; fileEncoding = 4; lastKnownFileType = sourcecode.c.h; path = "yoauthadditions-Prefix.pch"; sourceTree = "<group>"; };
		A10C49EF157D7E1B00DBB7D0 /* yoauthadditions.h */ = {isa = PBXFileReference; fileEncoding = 4; lastKnownFileType = sourcecode.c.h; path = yoauthadditions.h; sourceTree = "<group>"; };
		A10C49F2157D7E1B00DBB7D0 /* en */ = {isa = PBXFileReference; lastKnownFileType = text.plist.strings; name = en; path = en.lproj/InfoPlist.strings; sourceTree = "<group>"; };
		A10C49F3157D7E1B00DBB7D0 /* ytoolkit-Info.plist */ = {isa = PBXFileReference; fileEncoding = 4; lastKnownFileType = text.plist.xml; path = "ytoolkit-Info.plist"; sourceTree = "<group>"; };
		A10C49F4157D7E1B00DBB7D0 /* ytoolkit-Prefix.pch */ = {isa = PBXFileReference; fileEncoding = 4; lastKnownFileType = sourcecode.c.h; path = "ytoolkit-Prefix.pch"; sourceTree = "<group>"; };
		A10C49F5157D7E1B00DBB7D0 /* ytoolkit.xcodeproj */ = {isa = PBXFileReference; lastKnownFileType = "wrapper.pb-project"; path = ytoolkit.xcodeproj; sourceTree = "<group>"; };
		A10C49FA157D7E1B00DBB7D0 /* en */ = {isa = PBXFileReference; lastKnownFileType = text.plist.strings; name = en; path = en.lproj/ErrorLocalizedString.strings; sourceTree = "<group>"; };
		A10C49FC157D7E1B00DBB7D0 /* en */ = {isa = PBXFileReference; lastKnownFileType = text.plist.strings; name = en; path = en.lproj/InfoPlist.strings; sourceTree = "<group>"; };
		A10C49FD157D7E1B00DBB7D0 /* ytoolkitbundle-Info.plist */ = {isa = PBXFileReference; fileEncoding = 4; lastKnownFileType = text.plist.xml; path = "ytoolkitbundle-Info.plist"; sourceTree = "<group>"; };
		A10C49FE157D7E1B00DBB7D0 /* ytoolkitbundle-Prefix.pch */ = {isa = PBXFileReference; fileEncoding = 4; lastKnownFileType = sourcecode.c.h; path = "ytoolkitbundle-Prefix.pch"; sourceTree = "<group>"; };
		A8137BB315774AAC008674C8 /* VMTabBarController.h */ = {isa = PBXFileReference; fileEncoding = 4; lastKnownFileType = sourcecode.c.h; path = VMTabBarController.h; sourceTree = "<group>"; };
		A8137BB415774AAC008674C8 /* VMTabBarController.m */ = {isa = PBXFileReference; fileEncoding = 4; lastKnownFileType = sourcecode.c.objc; path = VMTabBarController.m; sourceTree = "<group>"; };
		A8137BB615774DD5008674C8 /* I4T.png */ = {isa = PBXFileReference; lastKnownFileType = image.png; name = I4T.png; path = ../I4T.png; sourceTree = "<group>"; };
		A8137BB815774E23008674C8 /* I4Tx2.png */ = {isa = PBXFileReference; lastKnownFileType = image.png; name = I4Tx2.png; path = ../I4Tx2.png; sourceTree = "<group>"; };
		A89A6AE615780C4C00AE8ADC /* TrelloClientCredentials.h */ = {isa = PBXFileReference; fileEncoding = 4; lastKnownFileType = sourcecode.c.h; path = TrelloClientCredentials.h; sourceTree = "<group>"; };
		A89A6AE715780C4C00AE8ADC /* TrelloClientCredentials.m */ = {isa = PBXFileReference; fileEncoding = 4; lastKnownFileType = sourcecode.c.objc; path = TrelloClientCredentials.m; sourceTree = "<group>"; };
		A89A6AE815780C4C00AE8ADC /* TrelloDefines.h */ = {isa = PBXFileReference; fileEncoding = 4; lastKnownFileType = sourcecode.c.h; path = TrelloDefines.h; sourceTree = "<group>"; };
		A89A6AE915780C4C00AE8ADC /* VMTrelloApiClient+Action.h */ = {isa = PBXFileReference; fileEncoding = 4; lastKnownFileType = sourcecode.c.h; path = "VMTrelloApiClient+Action.h"; sourceTree = "<group>"; };
		A89A6AEA15780C4C00AE8ADC /* VMTrelloApiClient+Action.m */ = {isa = PBXFileReference; fileEncoding = 4; lastKnownFileType = sourcecode.c.objc; path = "VMTrelloApiClient+Action.m"; sourceTree = "<group>"; };
		A89A6AEB15780C4C00AE8ADC /* VMTrelloApiClient+Board.h */ = {isa = PBXFileReference; fileEncoding = 4; lastKnownFileType = sourcecode.c.h; path = "VMTrelloApiClient+Board.h"; sourceTree = "<group>"; };
		A89A6AEC15780C4C00AE8ADC /* VMTrelloApiClient+Board.m */ = {isa = PBXFileReference; fileEncoding = 4; lastKnownFileType = sourcecode.c.objc; path = "VMTrelloApiClient+Board.m"; sourceTree = "<group>"; };
		A89A6AED15780C4C00AE8ADC /* VMTrelloApiClient+Card.h */ = {isa = PBXFileReference; fileEncoding = 4; lastKnownFileType = sourcecode.c.h; path = "VMTrelloApiClient+Card.h"; sourceTree = "<group>"; };
		A89A6AEE15780C4C00AE8ADC /* VMTrelloApiClient+Card.m */ = {isa = PBXFileReference; fileEncoding = 4; lastKnownFileType = sourcecode.c.objc; path = "VMTrelloApiClient+Card.m"; sourceTree = "<group>"; };
		A89A6AEF15780C4C00AE8ADC /* VMTrelloApiClient+Checklist.h */ = {isa = PBXFileReference; fileEncoding = 4; lastKnownFileType = sourcecode.c.h; path = "VMTrelloApiClient+Checklist.h"; sourceTree = "<group>"; };
		A89A6AF015780C4C00AE8ADC /* VMTrelloApiClient+Checklist.m */ = {isa = PBXFileReference; fileEncoding = 4; lastKnownFileType = sourcecode.c.objc; path = "VMTrelloApiClient+Checklist.m"; sourceTree = "<group>"; };
		A89A6AF115780C4C00AE8ADC /* VMTrelloApiClient+List.h */ = {isa = PBXFileReference; fileEncoding = 4; lastKnownFileType = sourcecode.c.h; path = "VMTrelloApiClient+List.h"; sourceTree = "<group>"; };
		A89A6AF215780C4C00AE8ADC /* VMTrelloApiClient+List.m */ = {isa = PBXFileReference; fileEncoding = 4; lastKnownFileType = sourcecode.c.objc; path = "VMTrelloApiClient+List.m"; sourceTree = "<group>"; };
		A89A6AF315780C4C00AE8ADC /* VMTrelloApiClient+Member.h */ = {isa = PBXFileReference; fileEncoding = 4; lastKnownFileType = sourcecode.c.h; path = "VMTrelloApiClient+Member.h"; sourceTree = "<group>"; };
		A89A6AF415780C4C00AE8ADC /* VMTrelloApiClient+Member.m */ = {isa = PBXFileReference; fileEncoding = 4; lastKnownFileType = sourcecode.c.objc; path = "VMTrelloApiClient+Member.m"; sourceTree = "<group>"; };
		A89A6AF515780C4C00AE8ADC /* VMTrelloApiClient+Notification.h */ = {isa = PBXFileReference; fileEncoding = 4; lastKnownFileType = sourcecode.c.h; path = "VMTrelloApiClient+Notification.h"; sourceTree = "<group>"; };
		A89A6AF615780C4C00AE8ADC /* VMTrelloApiClient+Notification.m */ = {isa = PBXFileReference; fileEncoding = 4; lastKnownFileType = sourcecode.c.objc; path = "VMTrelloApiClient+Notification.m"; sourceTree = "<group>"; };
		A89A6AF715780C4C00AE8ADC /* VMTrelloApiClient+Organization.h */ = {isa = PBXFileReference; fileEncoding = 4; lastKnownFileType = sourcecode.c.h; path = "VMTrelloApiClient+Organization.h"; sourceTree = "<group>"; };
		A89A6AF815780C4C00AE8ADC /* VMTrelloApiClient+Organization.m */ = {isa = PBXFileReference; fileEncoding = 4; lastKnownFileType = sourcecode.c.objc; path = "VMTrelloApiClient+Organization.m"; sourceTree = "<group>"; };
		A89A6AF915780C4C00AE8ADC /* VMTrelloApiClient+Token.h */ = {isa = PBXFileReference; fileEncoding = 4; lastKnownFileType = sourcecode.c.h; path = "VMTrelloApiClient+Token.h"; sourceTree = "<group>"; };
		A89A6AFA15780C4C00AE8ADC /* VMTrelloApiClient+Token.m */ = {isa = PBXFileReference; fileEncoding = 4; lastKnownFileType = sourcecode.c.objc; path = "VMTrelloApiClient+Token.m"; sourceTree = "<group>"; };
		A89A6AFB15780C4C00AE8ADC /* VMTrelloApiClient+Type.h */ = {isa = PBXFileReference; fileEncoding = 4; lastKnownFileType = sourcecode.c.h; path = "VMTrelloApiClient+Type.h"; sourceTree = "<group>"; };
		A89A6AFC15780C4C00AE8ADC /* VMTrelloApiClient+Type.m */ = {isa = PBXFileReference; fileEncoding = 4; lastKnownFileType = sourcecode.c.objc; path = "VMTrelloApiClient+Type.m"; sourceTree = "<group>"; };
		A89A6AFD15780C4C00AE8ADC /* VMTrelloApiClient.h */ = {isa = PBXFileReference; fileEncoding = 4; lastKnownFileType = sourcecode.c.h; path = VMTrelloApiClient.h; sourceTree = "<group>"; };
		A89A6AFE15780C4C00AE8ADC /* VMTrelloApiClient.m */ = {isa = PBXFileReference; fileEncoding = 4; lastKnownFileType = sourcecode.c.objc; path = VMTrelloApiClient.m; sourceTree = "<group>"; };
		A89A6B1C15783ADF00AE8ADC /* TrelloDataEntryViewController.h */ = {isa = PBXFileReference; fileEncoding = 4; lastKnownFileType = sourcecode.c.h; path = TrelloDataEntryViewController.h; sourceTree = "<group>"; };
		A89A6B1D15783AE000AE8ADC /* TrelloDataEntryViewController.m */ = {isa = PBXFileReference; fileEncoding = 4; lastKnownFileType = sourcecode.c.objc; path = TrelloDataEntryViewController.m; sourceTree = "<group>"; };
		A8B3553215772C1E004EB874 /* TrelloLoginViewController.xib */ = {isa = PBXFileReference; fileEncoding = 4; lastKnownFileType = file.xib; path = TrelloLoginViewController.xib; sourceTree = "<group>"; };
		A8F969EB15769E08007D2E6A /* ios4trello.app */ = {isa = PBXFileReference; explicitFileType = wrapper.application; includeInIndex = 0; path = ios4trello.app; sourceTree = BUILT_PRODUCTS_DIR; };
		A8F969EF15769E08007D2E6A /* UIKit.framework */ = {isa = PBXFileReference; lastKnownFileType = wrapper.framework; name = UIKit.framework; path = System/Library/Frameworks/UIKit.framework; sourceTree = SDKROOT; };
		A8F969F115769E08007D2E6A /* Foundation.framework */ = {isa = PBXFileReference; lastKnownFileType = wrapper.framework; name = Foundation.framework; path = System/Library/Frameworks/Foundation.framework; sourceTree = SDKROOT; };
		A8F969F315769E08007D2E6A /* CoreGraphics.framework */ = {isa = PBXFileReference; lastKnownFileType = wrapper.framework; name = CoreGraphics.framework; path = System/Library/Frameworks/CoreGraphics.framework; sourceTree = SDKROOT; };
		A8F969F715769E08007D2E6A /* ios-trello-Info.plist */ = {isa = PBXFileReference; lastKnownFileType = text.plist.xml; path = "ios-trello-Info.plist"; sourceTree = "<group>"; };
		A8F969F915769E08007D2E6A /* en */ = {isa = PBXFileReference; lastKnownFileType = text.plist.strings; name = en; path = en.lproj/InfoPlist.strings; sourceTree = "<group>"; };
		A8F969FB15769E08007D2E6A /* main.m */ = {isa = PBXFileReference; lastKnownFileType = sourcecode.c.objc; path = main.m; sourceTree = "<group>"; };
		A8F969FD15769E08007D2E6A /* ios-trello-Prefix.pch */ = {isa = PBXFileReference; lastKnownFileType = sourcecode.c.h; path = "ios-trello-Prefix.pch"; sourceTree = "<group>"; };
		A8F969FE15769E08007D2E6A /* VMAppDelegate.h */ = {isa = PBXFileReference; lastKnownFileType = sourcecode.c.h; path = VMAppDelegate.h; sourceTree = "<group>"; };
		A8F969FF15769E08007D2E6A /* VMAppDelegate.m */ = {isa = PBXFileReference; lastKnownFileType = sourcecode.c.objc; path = VMAppDelegate.m; sourceTree = "<group>"; };
		A8F96A0215769E08007D2E6A /* en */ = {isa = PBXFileReference; lastKnownFileType = file.storyboard; name = en; path = en.lproj/MainStoryboard_iPhone.storyboard; sourceTree = "<group>"; };
		A8F96A0515769E08007D2E6A /* en */ = {isa = PBXFileReference; lastKnownFileType = file.storyboard; name = en; path = en.lproj/MainStoryboard_iPad.storyboard; sourceTree = "<group>"; };
		A8F96A0A15769E08007D2E6A /* first.png */ = {isa = PBXFileReference; lastKnownFileType = image.png; path = first.png; sourceTree = "<group>"; };
		A8F96A0C15769E08007D2E6A /* first@2x.png */ = {isa = PBXFileReference; lastKnownFileType = image.png; path = "first@2x.png"; sourceTree = "<group>"; };
		A8F96A1115769E08007D2E6A /* second.png */ = {isa = PBXFileReference; lastKnownFileType = image.png; path = second.png; sourceTree = "<group>"; };
		A8F96A1315769E08007D2E6A /* second@2x.png */ = {isa = PBXFileReference; lastKnownFileType = image.png; path = "second@2x.png"; sourceTree = "<group>"; };
		A8F96A1A15769E08007D2E6A /* ios-trelloTests.octest */ = {isa = PBXFileReference; explicitFileType = wrapper.cfbundle; includeInIndex = 0; path = "ios-trelloTests.octest"; sourceTree = BUILT_PRODUCTS_DIR; };
		A8F96A1B15769E08007D2E6A /* SenTestingKit.framework */ = {isa = PBXFileReference; lastKnownFileType = wrapper.framework; name = SenTestingKit.framework; path = Library/Frameworks/SenTestingKit.framework; sourceTree = DEVELOPER_DIR; };
		A8F96A2315769E08007D2E6A /* ios-trelloTests-Info.plist */ = {isa = PBXFileReference; lastKnownFileType = text.plist.xml; path = "ios-trelloTests-Info.plist"; sourceTree = "<group>"; };
		A8F96A2515769E08007D2E6A /* en */ = {isa = PBXFileReference; lastKnownFileType = text.plist.strings; name = en; path = en.lproj/InfoPlist.strings; sourceTree = "<group>"; };
		A8F96A2715769E08007D2E6A /* ios_trelloTests.h */ = {isa = PBXFileReference; lastKnownFileType = sourcecode.c.h; path = ios_trelloTests.h; sourceTree = "<group>"; };
		A8F96A2815769E08007D2E6A /* ios_trelloTests.m */ = {isa = PBXFileReference; lastKnownFileType = sourcecode.c.objc; path = ios_trelloTests.m; sourceTree = "<group>"; };
		A8F96A771576B341007D2E6A /* TrelloBoardOpsViewController.h */ = {isa = PBXFileReference; fileEncoding = 4; lastKnownFileType = sourcecode.c.h; path = TrelloBoardOpsViewController.h; sourceTree = "<group>"; };
		A8F96A781576B341007D2E6A /* TrelloBoardOpsViewController.m */ = {isa = PBXFileReference; fileEncoding = 4; lastKnownFileType = sourcecode.c.objc; path = TrelloBoardOpsViewController.m; sourceTree = "<group>"; };
		A8F96A7B1576B39D007D2E6A /* TrelloBoardListViewController.h */ = {isa = PBXFileReference; fileEncoding = 4; lastKnownFileType = sourcecode.c.h; path = TrelloBoardListViewController.h; sourceTree = "<group>"; };
		A8F96A7C1576B39D007D2E6A /* TrelloBoardListViewController.m */ = {isa = PBXFileReference; fileEncoding = 4; lastKnownFileType = sourcecode.c.objc; path = TrelloBoardListViewController.m; sourceTree = "<group>"; };
		A8F96A7D1576B39D007D2E6A /* TrelloLoginViewController.h */ = {isa = PBXFileReference; fileEncoding = 4; lastKnownFileType = sourcecode.c.h; path = TrelloLoginViewController.h; sourceTree = "<group>"; };
		A8F96A7E1576B39D007D2E6A /* TrelloLoginViewController.m */ = {isa = PBXFileReference; fileEncoding = 4; lastKnownFileType = sourcecode.c.objc; path = TrelloLoginViewController.m; sourceTree = "<group>"; };
		A8F96A841576B3D6007D2E6A /* AFHTTPClient.h */ = {isa = PBXFileReference; fileEncoding = 4; lastKnownFileType = sourcecode.c.h; path = AFHTTPClient.h; sourceTree = "<group>"; };
		A8F96A851576B3D6007D2E6A /* AFHTTPClient.m */ = {isa = PBXFileReference; fileEncoding = 4; lastKnownFileType = sourcecode.c.objc; path = AFHTTPClient.m; sourceTree = "<group>"; };
		A8F96A861576B3D6007D2E6A /* AFHTTPRequestOperation.h */ = {isa = PBXFileReference; fileEncoding = 4; lastKnownFileType = sourcecode.c.h; path = AFHTTPRequestOperation.h; sourceTree = "<group>"; };
		A8F96A871576B3D6007D2E6A /* AFHTTPRequestOperation.m */ = {isa = PBXFileReference; fileEncoding = 4; lastKnownFileType = sourcecode.c.objc; path = AFHTTPRequestOperation.m; sourceTree = "<group>"; };
		A8F96A881576B3D6007D2E6A /* AFImageRequestOperation.h */ = {isa = PBXFileReference; fileEncoding = 4; lastKnownFileType = sourcecode.c.h; path = AFImageRequestOperation.h; sourceTree = "<group>"; };
		A8F96A891576B3D6007D2E6A /* AFImageRequestOperation.m */ = {isa = PBXFileReference; fileEncoding = 4; lastKnownFileType = sourcecode.c.objc; path = AFImageRequestOperation.m; sourceTree = "<group>"; };
		A8F96A8A1576B3D6007D2E6A /* AFJSONRequestOperation.h */ = {isa = PBXFileReference; fileEncoding = 4; lastKnownFileType = sourcecode.c.h; path = AFJSONRequestOperation.h; sourceTree = "<group>"; };
		A8F96A8B1576B3D6007D2E6A /* AFJSONRequestOperation.m */ = {isa = PBXFileReference; fileEncoding = 4; lastKnownFileType = sourcecode.c.objc; path = AFJSONRequestOperation.m; sourceTree = "<group>"; };
		A8F96A8C1576B3D6007D2E6A /* AFJSONUtilities.h */ = {isa = PBXFileReference; fileEncoding = 4; lastKnownFileType = sourcecode.c.h; path = AFJSONUtilities.h; sourceTree = "<group>"; };
		A8F96A8D1576B3D6007D2E6A /* AFJSONUtilities.m */ = {isa = PBXFileReference; fileEncoding = 4; lastKnownFileType = sourcecode.c.objc; path = AFJSONUtilities.m; sourceTree = "<group>"; };
		A8F96A8E1576B3D6007D2E6A /* AFNetworkActivityIndicatorManager.h */ = {isa = PBXFileReference; fileEncoding = 4; lastKnownFileType = sourcecode.c.h; path = AFNetworkActivityIndicatorManager.h; sourceTree = "<group>"; };
		A8F96A8F1576B3D6007D2E6A /* AFNetworkActivityIndicatorManager.m */ = {isa = PBXFileReference; fileEncoding = 4; lastKnownFileType = sourcecode.c.objc; path = AFNetworkActivityIndicatorManager.m; sourceTree = "<group>"; };
		A8F96A901576B3D6007D2E6A /* AFNetworking.h */ = {isa = PBXFileReference; fileEncoding = 4; lastKnownFileType = sourcecode.c.h; path = AFNetworking.h; sourceTree = "<group>"; };
		A8F96A911576B3D6007D2E6A /* AFPropertyListRequestOperation.h */ = {isa = PBXFileReference; fileEncoding = 4; lastKnownFileType = sourcecode.c.h; path = AFPropertyListRequestOperation.h; sourceTree = "<group>"; };
		A8F96A921576B3D6007D2E6A /* AFPropertyListRequestOperation.m */ = {isa = PBXFileReference; fileEncoding = 4; lastKnownFileType = sourcecode.c.objc; path = AFPropertyListRequestOperation.m; sourceTree = "<group>"; };
		A8F96A931576B3D6007D2E6A /* AFURLConnectionOperation.h */ = {isa = PBXFileReference; fileEncoding = 4; lastKnownFileType = sourcecode.c.h; path = AFURLConnectionOperation.h; sourceTree = "<group>"; };
		A8F96A941576B3D6007D2E6A /* AFURLConnectionOperation.m */ = {isa = PBXFileReference; fileEncoding = 4; lastKnownFileType = sourcecode.c.objc; path = AFURLConnectionOperation.m; sourceTree = "<group>"; };
		A8F96A951576B3D6007D2E6A /* AFXMLRequestOperation.h */ = {isa = PBXFileReference; fileEncoding = 4; lastKnownFileType = sourcecode.c.h; path = AFXMLRequestOperation.h; sourceTree = "<group>"; };
		A8F96A961576B3D6007D2E6A /* AFXMLRequestOperation.m */ = {isa = PBXFileReference; fileEncoding = 4; lastKnownFileType = sourcecode.c.objc; path = AFXMLRequestOperation.m; sourceTree = "<group>"; };
		A8F96A971576B3D6007D2E6A /* UIImageView+AFNetworking.h */ = {isa = PBXFileReference; fileEncoding = 4; lastKnownFileType = sourcecode.c.h; path = "UIImageView+AFNetworking.h"; sourceTree = "<group>"; };
		A8F96A981576B3D6007D2E6A /* UIImageView+AFNetworking.m */ = {isa = PBXFileReference; fileEncoding = 4; lastKnownFileType = sourcecode.c.objc; path = "UIImageView+AFNetworking.m"; sourceTree = "<group>"; };
		A8F96B4B1576B54B007D2E6A /* OAuthBaseFeedViewController.h */ = {isa = PBXFileReference; fileEncoding = 4; lastKnownFileType = sourcecode.c.h; path = OAuthBaseFeedViewController.h; sourceTree = "<group>"; };
		A8F96B4C1576B54B007D2E6A /* OAuthBaseFeedViewController.m */ = {isa = PBXFileReference; fileEncoding = 4; lastKnownFileType = sourcecode.c.objc; path = OAuthBaseFeedViewController.m; sourceTree = "<group>"; };
		A8F96B4D1576B54B007D2E6A /* OAuthv1BaseFeedViewController.h */ = {isa = PBXFileReference; fileEncoding = 4; lastKnownFileType = sourcecode.c.h; path = OAuthv1BaseFeedViewController.h; sourceTree = "<group>"; };
		A8F96B4E1576B54B007D2E6A /* OAuthv1BaseFeedViewController.m */ = {isa = PBXFileReference; fileEncoding = 4; lastKnownFileType = sourcecode.c.objc; path = OAuthv1BaseFeedViewController.m; sourceTree = "<group>"; };
		A8F96B4F1576B54B007D2E6A /* OAuthv1BaseLoginViewController.h */ = {isa = PBXFileReference; fileEncoding = 4; lastKnownFileType = sourcecode.c.h; path = OAuthv1BaseLoginViewController.h; sourceTree = "<group>"; };
		A8F96B501576B54B007D2E6A /* OAuthv1BaseLoginViewController.m */ = {isa = PBXFileReference; fileEncoding = 4; lastKnownFileType = sourcecode.c.objc; path = OAuthv1BaseLoginViewController.m; sourceTree = "<group>"; };
		A8F96B5A1576B6EB007D2E6A /* Reachability.h */ = {isa = PBXFileReference; fileEncoding = 4; lastKnownFileType = sourcecode.c.h; path = Reachability.h; sourceTree = "<group>"; };
		A8F96B5B1576B6EB007D2E6A /* Reachability.m */ = {isa = PBXFileReference; fileEncoding = 4; lastKnownFileType = sourcecode.c.objc; path = Reachability.m; sourceTree = "<group>"; };
		A8F96B5E1576B740007D2E6A /* VMTools.h */ = {isa = PBXFileReference; fileEncoding = 4; lastKnownFileType = sourcecode.c.h; path = VMTools.h; sourceTree = "<group>"; };
		A8F96B5F1576B740007D2E6A /* VMTools.m */ = {isa = PBXFileReference; fileEncoding = 4; lastKnownFileType = sourcecode.c.objc; path = VMTools.m; sourceTree = "<group>"; };
		A8F96B6F1576D6F5007D2E6A /* SystemConfiguration.framework */ = {isa = PBXFileReference; lastKnownFileType = wrapper.framework; name = SystemConfiguration.framework; path = System/Library/Frameworks/SystemConfiguration.framework; sourceTree = SDKROOT; };
		A8F96B711576D723007D2E6A /* Security.framework */ = {isa = PBXFileReference; lastKnownFileType = wrapper.framework; name = Security.framework; path = System/Library/Frameworks/Security.framework; sourceTree = SDKROOT; };
/* End PBXFileReference section */

/* Begin PBXFrameworksBuildPhase section */
		A8F969E815769E08007D2E6A /* Frameworks */ = {
			isa = PBXFrameworksBuildPhase;
			buildActionMask = 2147483647;
			files = (
				A8F96B721576D723007D2E6A /* Security.framework in Frameworks */,
				A8F96B701576D6F5007D2E6A /* SystemConfiguration.framework in Frameworks */,
				A8F969F015769E08007D2E6A /* UIKit.framework in Frameworks */,
				A8F969F215769E08007D2E6A /* Foundation.framework in Frameworks */,
				A8F969F415769E08007D2E6A /* CoreGraphics.framework in Frameworks */,
			);
			runOnlyForDeploymentPostprocessing = 0;
		};
		A8F96A1615769E08007D2E6A /* Frameworks */ = {
			isa = PBXFrameworksBuildPhase;
			buildActionMask = 2147483647;
			files = (
				A8F96A1C15769E08007D2E6A /* SenTestingKit.framework in Frameworks */,
				A8F96A1D15769E08007D2E6A /* UIKit.framework in Frameworks */,
				A8F96A1E15769E08007D2E6A /* Foundation.framework in Frameworks */,
			);
			runOnlyForDeploymentPostprocessing = 0;
		};
/* End PBXFrameworksBuildPhase section */

/* Begin PBXGroup section */
		A10C49B7157D7E1B00DBB7D0 /* ytoolkit */ = {
			isa = PBXGroup;
			children = (
				A10C49B8157D7E1B00DBB7D0 /* BENCHMARK */,
				A10C49B9157D7E1B00DBB7D0 /* COPYING */,
				A10C49BA157D7E1B00DBB7D0 /* COPYING.LESSER */,
				A10C49BB157D7E1B00DBB7D0 /* externals */,
				A10C49BC157D7E1B00DBB7D0 /* include */,
				A10C49C0157D7E1B00DBB7D0 /* README.markdown */,
				A10C49C1157D7E1B00DBB7D0 /* ybase64 */,
				A10C49C6157D7E1B00DBB7D0 /* ybase64additions */,
				A10C49CE157D7E1B00DBB7D0 /* ycocoaadditions */,
				A10C49D8157D7E1B00DBB7D0 /* ycocoaaditions-MacOSX */,
				A10C49DA157D7E1B00DBB7D0 /* yoauth */,
				A10C49EA157D7E1B00DBB7D0 /* yoauthadditions */,
				A10C49F0157D7E1B00DBB7D0 /* ytoolkit */,
				A10C49F5157D7E1B00DBB7D0 /* ytoolkit.xcodeproj */,
				A10C49F8157D7E1B00DBB7D0 /* ytoolkitbundle */,
			);
			path = ytoolkit;
			sourceTree = "<group>";
		};
		A10C49BB157D7E1B00DBB7D0 /* externals */ = {
			isa = PBXGroup;
			children = (
			);
			path = externals;
			sourceTree = "<group>";
		};
		A10C49BC157D7E1B00DBB7D0 /* include */ = {
			isa = PBXGroup;
			children = (
				A10C49BD157D7E1B00DBB7D0 /* ydefines.h */,
				A10C49BE157D7E1B00DBB7D0 /* ymacros.h */,
				A10C49BF157D7E1B00DBB7D0 /* ytiming.h */,
			);
			path = include;
			sourceTree = "<group>";
		};
		A10C49C1157D7E1B00DBB7D0 /* ybase64 */ = {
			isa = PBXGroup;
			children = (
				A10C49C2157D7E1B00DBB7D0 /* code */,
			);
			path = ybase64;
			sourceTree = "<group>";
		};
		A10C49C2157D7E1B00DBB7D0 /* code */ = {
			isa = PBXGroup;
			children = (
				A10C49C3157D7E1B00DBB7D0 /* ybase64-Prefix.pch */,
				A10C49C4157D7E1B00DBB7D0 /* ybase64.c */,
				A10C49C5157D7E1B00DBB7D0 /* ybase64.h */,
			);
			path = code;
			sourceTree = "<group>";
		};
		A10C49C6157D7E1B00DBB7D0 /* ybase64additions */ = {
			isa = PBXGroup;
			children = (
				A10C49C7157D7E1B00DBB7D0 /* code */,
			);
			path = ybase64additions;
			sourceTree = "<group>";
		};
		A10C49C7157D7E1B00DBB7D0 /* code */ = {
			isa = PBXGroup;
			children = (
				A10C49C8157D7E1B00DBB7D0 /* NSData+YBase64String.h */,
				A10C49C9157D7E1B00DBB7D0 /* NSData+YBase64String.m */,
				A10C49CA157D7E1B00DBB7D0 /* NSString+YBase64toData.h */,
				A10C49CB157D7E1B00DBB7D0 /* NSString+YBase64toData.m */,
				A10C49CC157D7E1B00DBB7D0 /* ybase64additions-Prefix.pch */,
				A10C49CD157D7E1B00DBB7D0 /* ybase64additions.h */,
			);
			path = code;
			sourceTree = "<group>";
		};
		A10C49CE157D7E1B00DBB7D0 /* ycocoaadditions */ = {
			isa = PBXGroup;
			children = (
				A10C49CF157D7E1B00DBB7D0 /* code */,
			);
			path = ycocoaadditions;
			sourceTree = "<group>";
		};
		A10C49CF157D7E1B00DBB7D0 /* code */ = {
			isa = PBXGroup;
			children = (
				A10C49D0157D7E1B00DBB7D0 /* NSDictionary+YHTTPURLDictionary.h */,
				A10C49D1157D7E1B00DBB7D0 /* NSDictionary+YHTTPURLDictionary.m */,
				A10C49D2157D7E1B00DBB7D0 /* NSMutableDictionary+YDuplicatableDictionary.h */,
				A10C49D3157D7E1B00DBB7D0 /* NSMutableDictionary+YDuplicatableDictionary.m */,
				A10C49D4157D7E1B00DBB7D0 /* NSString+YHTTPURLString.h */,
				A10C49D5157D7E1B00DBB7D0 /* NSString+YHTTPURLString.m */,
				A10C49D6157D7E1B00DBB7D0 /* ycocoaadditions-Prefix.pch */,
				A10C49D7157D7E1B00DBB7D0 /* ycocoaadditions.h */,
			);
			path = code;
			sourceTree = "<group>";
		};
		A10C49D8157D7E1B00DBB7D0 /* ycocoaaditions-MacOSX */ = {
			isa = PBXGroup;
			children = (
				A10C49D9157D7E1B00DBB7D0 /* ycocoaaditions-MacOSX-Prefix.pch */,
			);
			path = "ycocoaaditions-MacOSX";
			sourceTree = "<group>";
		};
		A10C49DA157D7E1B00DBB7D0 /* yoauth */ = {
			isa = PBXGroup;
			children = (
				A10C49DB157D7E1B00DBB7D0 /* code */,
			);
			path = yoauth;
			sourceTree = "<group>";
		};
		A10C49DB157D7E1B00DBB7D0 /* code */ = {
			isa = PBXGroup;
			children = (
				A10C49DC157D7E1B00DBB7D0 /* oauthv1 */,
				A10C49E1157D7E1B00DBB7D0 /* oauthv2 */,
				A10C49E6157D7E1B00DBB7D0 /* yoauth-Prefix.pch */,
				A10C49E7157D7E1B00DBB7D0 /* yoauth.h */,
				A10C49E8157D7E1B00DBB7D0 /* yoauth_utilities.h */,
				A10C49E9157D7E1B00DBB7D0 /* yoauth_utilities.m */,
			);
			path = code;
			sourceTree = "<group>";
		};
		A10C49DC157D7E1B00DBB7D0 /* oauthv1 */ = {
			isa = PBXGroup;
			children = (
				A10C49DD157D7E1B00DBB7D0 /* yoauthv1.h */,
				A10C49DE157D7E1B00DBB7D0 /* yoauthv1.m */,
				A10C49DF157D7E1B00DBB7D0 /* yoauthv1_internal.h */,
				A10C49E0157D7E1B00DBB7D0 /* yoauthv1_internal.m */,
			);
			path = oauthv1;
			sourceTree = "<group>";
		};
		A10C49E1157D7E1B00DBB7D0 /* oauthv2 */ = {
			isa = PBXGroup;
			children = (
				A10C49E2157D7E1B00DBB7D0 /* NSError+YOAuthv2.h */,
				A10C49E3157D7E1B00DBB7D0 /* NSError+YOAuthv2.m */,
				A10C49E4157D7E1B00DBB7D0 /* yoauthv2.h */,
				A10C49E5157D7E1B00DBB7D0 /* yoauthv2.m */,
			);
			path = oauthv2;
			sourceTree = "<group>";
		};
		A10C49EA157D7E1B00DBB7D0 /* yoauthadditions */ = {
			isa = PBXGroup;
			children = (
				A10C49EB157D7E1B00DBB7D0 /* code */,
			);
			path = yoauthadditions;
			sourceTree = "<group>";
		};
		A10C49EB157D7E1B00DBB7D0 /* code */ = {
			isa = PBXGroup;
			children = (
				A10C49EC157D7E1B00DBB7D0 /* NSMutableURLRequest+YOAuth.h */,
				A10C49ED157D7E1B00DBB7D0 /* NSMutableURLRequest+YOAuth.m */,
				A10C49EE157D7E1B00DBB7D0 /* yoauthadditions-Prefix.pch */,
				A10C49EF157D7E1B00DBB7D0 /* yoauthadditions.h */,
			);
			path = code;
			sourceTree = "<group>";
		};
		A10C49F0157D7E1B00DBB7D0 /* ytoolkit */ = {
			isa = PBXGroup;
			children = (
				A10C49F1157D7E1B00DBB7D0 /* InfoPlist.strings */,
				A10C49F3157D7E1B00DBB7D0 /* ytoolkit-Info.plist */,
				A10C49F4157D7E1B00DBB7D0 /* ytoolkit-Prefix.pch */,
			);
			path = ytoolkit;
			sourceTree = "<group>";
		};
		A10C49F6157D7E1B00DBB7D0 /* Products */ = {
			isa = PBXGroup;
			children = (
				A10C4A25157D7E1C00DBB7D0 /* libybase64.a */,
				A10C4A27157D7E1C00DBB7D0 /* libybase64additions.a */,
				A10C4A29157D7E1C00DBB7D0 /* libycocoaadditions.a */,
				A10C4A2B157D7E1C00DBB7D0 /* libyoauth.a */,
				A10C4A2D157D7E1C00DBB7D0 /* libyoauthadditions.a */,
				A10C4A2F157D7E1C00DBB7D0 /* ybase64Tests.octest */,
				A10C4A31157D7E1C00DBB7D0 /* ycocoaadditionsTests.octest */,
				A10C4A33157D7E1C00DBB7D0 /* ybase64additionsTests.octest */,
				A10C4A35157D7E1C00DBB7D0 /* yoauthTests.octest */,
				A10C4A37157D7E1C00DBB7D0 /* ytoolkit.framework */,
				A10C4A39157D7E1C00DBB7D0 /* yoauthadditionsTests.octest */,
				A10C4A3B157D7E1C00DBB7D0 /* ytoolkitbundle.bundle */,
				A10C4A3D157D7E1C00DBB7D0 /* libycocoaadditions.a */,
			);
			name = Products;
			sourceTree = "<group>";
		};
		A10C49F8157D7E1B00DBB7D0 /* ytoolkitbundle */ = {
			isa = PBXGroup;
			children = (
				A10C49F9157D7E1B00DBB7D0 /* ErrorLocalizedString.strings */,
				A10C49FB157D7E1B00DBB7D0 /* InfoPlist.strings */,
				A10C49FD157D7E1B00DBB7D0 /* ytoolkitbundle-Info.plist */,
				A10C49FE157D7E1B00DBB7D0 /* ytoolkitbundle-Prefix.pch */,
			);
			path = ytoolkitbundle;
			sourceTree = "<group>";
		};
		A849DCB41576E06A008D411C /* Vendor */ = {
			isa = PBXGroup;
			children = (
				A8F96B581576B6BE007D2E6A /* Apple */,
				A8F96AAD1576B410007D2E6A /* Dependencies */,
				A8F96A831576B3D6007D2E6A /* AFNetworking */,
			);
			name = Vendor;
			sourceTree = "<group>";
		};
		A89A6AE515780C4C00AE8ADC /* ios-trelloAPIClient */ = {
			isa = PBXGroup;
			children = (
				A89A6AE615780C4C00AE8ADC /* TrelloClientCredentials.h */,
				A89A6AE715780C4C00AE8ADC /* TrelloClientCredentials.m */,
				A89A6AE815780C4C00AE8ADC /* TrelloDefines.h */,
				A89A6AE915780C4C00AE8ADC /* VMTrelloApiClient+Action.h */,
				A89A6AEA15780C4C00AE8ADC /* VMTrelloApiClient+Action.m */,
				A89A6AEB15780C4C00AE8ADC /* VMTrelloApiClient+Board.h */,
				A89A6AEC15780C4C00AE8ADC /* VMTrelloApiClient+Board.m */,
				A89A6AED15780C4C00AE8ADC /* VMTrelloApiClient+Card.h */,
				A89A6AEE15780C4C00AE8ADC /* VMTrelloApiClient+Card.m */,
				A89A6AEF15780C4C00AE8ADC /* VMTrelloApiClient+Checklist.h */,
				A89A6AF015780C4C00AE8ADC /* VMTrelloApiClient+Checklist.m */,
				A89A6AF115780C4C00AE8ADC /* VMTrelloApiClient+List.h */,
				A89A6AF215780C4C00AE8ADC /* VMTrelloApiClient+List.m */,
				A89A6AF315780C4C00AE8ADC /* VMTrelloApiClient+Member.h */,
				A89A6AF415780C4C00AE8ADC /* VMTrelloApiClient+Member.m */,
				A89A6AF515780C4C00AE8ADC /* VMTrelloApiClient+Notification.h */,
				A89A6AF615780C4C00AE8ADC /* VMTrelloApiClient+Notification.m */,
				A89A6AF715780C4C00AE8ADC /* VMTrelloApiClient+Organization.h */,
				A89A6AF815780C4C00AE8ADC /* VMTrelloApiClient+Organization.m */,
				A89A6AF915780C4C00AE8ADC /* VMTrelloApiClient+Token.h */,
				A89A6AFA15780C4C00AE8ADC /* VMTrelloApiClient+Token.m */,
				A89A6AFB15780C4C00AE8ADC /* VMTrelloApiClient+Type.h */,
				A89A6AFC15780C4C00AE8ADC /* VMTrelloApiClient+Type.m */,
				A89A6AFD15780C4C00AE8ADC /* VMTrelloApiClient.h */,
				A89A6AFE15780C4C00AE8ADC /* VMTrelloApiClient.m */,
			);
			path = "ios-trelloAPIClient";
			sourceTree = "<group>";
		};
		A8F969E015769E08007D2E6A = {
			isa = PBXGroup;
			children = (
				A8F969F515769E08007D2E6A /* ios-trello */,
				A8F96A2115769E08007D2E6A /* ios-trelloTests */,
				A8F969EE15769E08007D2E6A /* Frameworks */,
				A8F969EC15769E08007D2E6A /* Products */,
			);
			sourceTree = "<group>";
		};
		A8F969EC15769E08007D2E6A /* Products */ = {
			isa = PBXGroup;
			children = (
				A8F969EB15769E08007D2E6A /* ios4trello.app */,
				A8F96A1A15769E08007D2E6A /* ios-trelloTests.octest */,
			);
			name = Products;
			sourceTree = "<group>";
		};
		A8F969EE15769E08007D2E6A /* Frameworks */ = {
			isa = PBXGroup;
			children = (
				A8F96B711576D723007D2E6A /* Security.framework */,
				A8F96B6F1576D6F5007D2E6A /* SystemConfiguration.framework */,
				A8F969EF15769E08007D2E6A /* UIKit.framework */,
				A8F969F115769E08007D2E6A /* Foundation.framework */,
				A8F969F315769E08007D2E6A /* CoreGraphics.framework */,
				A8F96A1B15769E08007D2E6A /* SenTestingKit.framework */,
			);
			name = Frameworks;
			sourceTree = "<group>";
		};
		A8F969F515769E08007D2E6A /* ios-trello */ = {
			isa = PBXGroup;
			children = (
				A89A6AE515780C4C00AE8ADC /* ios-trelloAPIClient */,
				A8F96A751576B2E8007D2E6A /* ios-Demo */,
				A8F969F615769E08007D2E6A /* Supporting Files */,
			);
			path = "ios-trello";
			sourceTree = "<group>";
		};
		A8F969F615769E08007D2E6A /* Supporting Files */ = {
			isa = PBXGroup;
			children = (
				A8137BB815774E23008674C8 /* I4Tx2.png */,
				A8137BB615774DD5008674C8 /* I4T.png */,
				A8F969F715769E08007D2E6A /* ios-trello-Info.plist */,
				A8F969F815769E08007D2E6A /* InfoPlist.strings */,
				A8F969FB15769E08007D2E6A /* main.m */,
				A8F969FD15769E08007D2E6A /* ios-trello-Prefix.pch */,
			);
			name = "Supporting Files";
			sourceTree = "<group>";
		};
		A8F96A2115769E08007D2E6A /* ios-trelloTests */ = {
			isa = PBXGroup;
			children = (
				A8F96A2715769E08007D2E6A /* ios_trelloTests.h */,
				A8F96A2815769E08007D2E6A /* ios_trelloTests.m */,
				A8F96A2215769E08007D2E6A /* Supporting Files */,
			);
			path = "ios-trelloTests";
			sourceTree = "<group>";
		};
		A8F96A2215769E08007D2E6A /* Supporting Files */ = {
			isa = PBXGroup;
			children = (
				A8F96A2315769E08007D2E6A /* ios-trelloTests-Info.plist */,
				A8F96A2415769E08007D2E6A /* InfoPlist.strings */,
			);
			name = "Supporting Files";
			sourceTree = "<group>";
		};
		A8F96A751576B2E8007D2E6A /* ios-Demo */ = {
			isa = PBXGroup;
			children = (
				A8F96A761576B30A007D2E6A /* Sources */,
				A849DCB41576E06A008D411C /* Vendor */,
				A8F96B4A1576B4A3007D2E6A /* Template */,
			);
			name = "ios-Demo";
			sourceTree = "<group>";
		};
		A8F96A761576B30A007D2E6A /* Sources */ = {
			isa = PBXGroup;
			children = (
				A8F96B5E1576B740007D2E6A /* VMTools.h */,
				A8F96B5F1576B740007D2E6A /* VMTools.m */,
				A8F96A771576B341007D2E6A /* TrelloBoardOpsViewController.h */,
				A8F96A781576B341007D2E6A /* TrelloBoardOpsViewController.m */,
				A89A6B1C15783ADF00AE8ADC /* TrelloDataEntryViewController.h */,
				A89A6B1D15783AE000AE8ADC /* TrelloDataEntryViewController.m */,
				A8F96A7B1576B39D007D2E6A /* TrelloBoardListViewController.h */,
				A8F96A7C1576B39D007D2E6A /* TrelloBoardListViewController.m */,
				A8F96A7D1576B39D007D2E6A /* TrelloLoginViewController.h */,
				A8F96A7E1576B39D007D2E6A /* TrelloLoginViewController.m */,
				A8F96B571576B55C007D2E6A /* ytoolkit_OAuth_v1 */,
			);
			name = Sources;
			sourceTree = "<group>";
		};
		A8F96A831576B3D6007D2E6A /* AFNetworking */ = {
			isa = PBXGroup;
			children = (
				A8F96A841576B3D6007D2E6A /* AFHTTPClient.h */,
				A8F96A851576B3D6007D2E6A /* AFHTTPClient.m */,
				A8F96A861576B3D6007D2E6A /* AFHTTPRequestOperation.h */,
				A8F96A871576B3D6007D2E6A /* AFHTTPRequestOperation.m */,
				A8F96A881576B3D6007D2E6A /* AFImageRequestOperation.h */,
				A8F96A891576B3D6007D2E6A /* AFImageRequestOperation.m */,
				A8F96A8A1576B3D6007D2E6A /* AFJSONRequestOperation.h */,
				A8F96A8B1576B3D6007D2E6A /* AFJSONRequestOperation.m */,
				A8F96A8C1576B3D6007D2E6A /* AFJSONUtilities.h */,
				A8F96A8D1576B3D6007D2E6A /* AFJSONUtilities.m */,
				A8F96A8E1576B3D6007D2E6A /* AFNetworkActivityIndicatorManager.h */,
				A8F96A8F1576B3D6007D2E6A /* AFNetworkActivityIndicatorManager.m */,
				A8F96A901576B3D6007D2E6A /* AFNetworking.h */,
				A8F96A911576B3D6007D2E6A /* AFPropertyListRequestOperation.h */,
				A8F96A921576B3D6007D2E6A /* AFPropertyListRequestOperation.m */,
				A8F96A931576B3D6007D2E6A /* AFURLConnectionOperation.h */,
				A8F96A941576B3D6007D2E6A /* AFURLConnectionOperation.m */,
				A8F96A951576B3D6007D2E6A /* AFXMLRequestOperation.h */,
				A8F96A961576B3D6007D2E6A /* AFXMLRequestOperation.m */,
				A8F96A971576B3D6007D2E6A /* UIImageView+AFNetworking.h */,
				A8F96A981576B3D6007D2E6A /* UIImageView+AFNetworking.m */,
			);
			path = AFNetworking;
			sourceTree = "<group>";
		};
		A8F96AAD1576B410007D2E6A /* Dependencies */ = {
			isa = PBXGroup;
			children = (
				A10C49B7157D7E1B00DBB7D0 /* ytoolkit */,
			);
			name = Dependencies;
			sourceTree = "<group>";
		};
		A8F96B4A1576B4A3007D2E6A /* Template */ = {
			isa = PBXGroup;
			children = (
				A8B3553215772C1E004EB874 /* TrelloLoginViewController.xib */,
				A8F969FE15769E08007D2E6A /* VMAppDelegate.h */,
				A8F969FF15769E08007D2E6A /* VMAppDelegate.m */,
				A8137BB315774AAC008674C8 /* VMTabBarController.h */,
				A8137BB415774AAC008674C8 /* VMTabBarController.m */,
				A8F96A0115769E08007D2E6A /* MainStoryboard_iPhone.storyboard */,
				A8F96A0415769E08007D2E6A /* MainStoryboard_iPad.storyboard */,
				A8F96A0A15769E08007D2E6A /* first.png */,
				A8F96A0C15769E08007D2E6A /* first@2x.png */,
				A8F96A1115769E08007D2E6A /* second.png */,
				A8F96A1315769E08007D2E6A /* second@2x.png */,
			);
			name = Template;
			sourceTree = "<group>";
		};
		A8F96B571576B55C007D2E6A /* ytoolkit_OAuth_v1 */ = {
			isa = PBXGroup;
			children = (
				A8F96B4B1576B54B007D2E6A /* OAuthBaseFeedViewController.h */,
				A8F96B4C1576B54B007D2E6A /* OAuthBaseFeedViewController.m */,
				A8F96B4D1576B54B007D2E6A /* OAuthv1BaseFeedViewController.h */,
				A8F96B4E1576B54B007D2E6A /* OAuthv1BaseFeedViewController.m */,
				A8F96B4F1576B54B007D2E6A /* OAuthv1BaseLoginViewController.h */,
				A8F96B501576B54B007D2E6A /* OAuthv1BaseLoginViewController.m */,
			);
			name = ytoolkit_OAuth_v1;
			sourceTree = "<group>";
		};
		A8F96B581576B6BE007D2E6A /* Apple */ = {
			isa = PBXGroup;
			children = (
				A8F96B591576B6EB007D2E6A /* Reachability */,
			);
			name = Apple;
			sourceTree = "<group>";
		};
		A8F96B591576B6EB007D2E6A /* Reachability */ = {
			isa = PBXGroup;
			children = (
				A8F96B5A1576B6EB007D2E6A /* Reachability.h */,
				A8F96B5B1576B6EB007D2E6A /* Reachability.m */,
			);
			path = Reachability;
			sourceTree = "<group>";
		};
/* End PBXGroup section */

/* Begin PBXNativeTarget section */
		A8F969EA15769E08007D2E6A /* ios4trello */ = {
			isa = PBXNativeTarget;
			buildConfigurationList = A8F96A2C15769E08007D2E6A /* Build configuration list for PBXNativeTarget "ios4trello" */;
			buildPhases = (
				A8F969E715769E08007D2E6A /* Sources */,
				A8F969E815769E08007D2E6A /* Frameworks */,
				A8F969E915769E08007D2E6A /* Resources */,
			);
			buildRules = (
			);
			dependencies = (
				A10C4A3F157D7E2700DBB7D0 /* PBXTargetDependency */,
			);
			name = ios4trello;
			productName = "ios-trello";
			productReference = A8F969EB15769E08007D2E6A /* ios4trello.app */;
			productType = "com.apple.product-type.application";
		};
		A8F96A1915769E08007D2E6A /* ios-trelloTests */ = {
			isa = PBXNativeTarget;
			buildConfigurationList = A8F96A2F15769E08007D2E6A /* Build configuration list for PBXNativeTarget "ios-trelloTests" */;
			buildPhases = (
				A8F96A1515769E08007D2E6A /* Sources */,
				A8F96A1615769E08007D2E6A /* Frameworks */,
				A8F96A1715769E08007D2E6A /* Resources */,
				A8F96A1815769E08007D2E6A /* ShellScript */,
			);
			buildRules = (
			);
			dependencies = (
				A8F96A2015769E08007D2E6A /* PBXTargetDependency */,
			);
			name = "ios-trelloTests";
			productName = "ios-trelloTests";
			productReference = A8F96A1A15769E08007D2E6A /* ios-trelloTests.octest */;
			productType = "com.apple.product-type.bundle";
		};
/* End PBXNativeTarget section */

/* Begin PBXProject section */
		A8F969E215769E08007D2E6A /* Project object */ = {
			isa = PBXProject;
			attributes = {
				CLASSPREFIX = VM;
				LastUpgradeCheck = 0430;
				ORGANIZATIONNAME = "waveOcean Software";
			};
			buildConfigurationList = A8F969E515769E08007D2E6A /* Build configuration list for PBXProject "ios-trello" */;
			compatibilityVersion = "Xcode 3.2";
			developmentRegion = English;
			hasScannedForEncodings = 0;
			knownRegions = (
				en,
			);
			mainGroup = A8F969E015769E08007D2E6A;
			productRefGroup = A8F969EC15769E08007D2E6A /* Products */;
			projectDirPath = "";
			projectReferences = (
				{
					ProductGroup = A10C49F6157D7E1B00DBB7D0 /* Products */;
					ProjectRef = A10C49F5157D7E1B00DBB7D0 /* ytoolkit.xcodeproj */;
				},
			);
			projectRoot = "";
			targets = (
				A8F969EA15769E08007D2E6A /* ios4trello */,
				A8F96A1915769E08007D2E6A /* ios-trelloTests */,
			);
		};
/* End PBXProject section */

/* Begin PBXReferenceProxy section */
		A10C4A25157D7E1C00DBB7D0 /* libybase64.a */ = {
			isa = PBXReferenceProxy;
			fileType = archive.ar;
			path = libybase64.a;
			remoteRef = A10C4A24157D7E1C00DBB7D0 /* PBXContainerItemProxy */;
			sourceTree = BUILT_PRODUCTS_DIR;
		};
		A10C4A27157D7E1C00DBB7D0 /* libybase64additions.a */ = {
			isa = PBXReferenceProxy;
			fileType = archive.ar;
			path = libybase64additions.a;
			remoteRef = A10C4A26157D7E1C00DBB7D0 /* PBXContainerItemProxy */;
			sourceTree = BUILT_PRODUCTS_DIR;
		};
		A10C4A29157D7E1C00DBB7D0 /* libycocoaadditions.a */ = {
			isa = PBXReferenceProxy;
			fileType = archive.ar;
			path = libycocoaadditions.a;
			remoteRef = A10C4A28157D7E1C00DBB7D0 /* PBXContainerItemProxy */;
			sourceTree = BUILT_PRODUCTS_DIR;
		};
		A10C4A2B157D7E1C00DBB7D0 /* libyoauth.a */ = {
			isa = PBXReferenceProxy;
			fileType = archive.ar;
			path = libyoauth.a;
			remoteRef = A10C4A2A157D7E1C00DBB7D0 /* PBXContainerItemProxy */;
			sourceTree = BUILT_PRODUCTS_DIR;
		};
		A10C4A2D157D7E1C00DBB7D0 /* libyoauthadditions.a */ = {
			isa = PBXReferenceProxy;
			fileType = archive.ar;
			path = libyoauthadditions.a;
			remoteRef = A10C4A2C157D7E1C00DBB7D0 /* PBXContainerItemProxy */;
			sourceTree = BUILT_PRODUCTS_DIR;
		};
		A10C4A2F157D7E1C00DBB7D0 /* ybase64Tests.octest */ = {
			isa = PBXReferenceProxy;
			fileType = wrapper.cfbundle;
			path = ybase64Tests.octest;
			remoteRef = A10C4A2E157D7E1C00DBB7D0 /* PBXContainerItemProxy */;
			sourceTree = BUILT_PRODUCTS_DIR;
		};
		A10C4A31157D7E1C00DBB7D0 /* ycocoaadditionsTests.octest */ = {
			isa = PBXReferenceProxy;
			fileType = wrapper.cfbundle;
			path = ycocoaadditionsTests.octest;
			remoteRef = A10C4A30157D7E1C00DBB7D0 /* PBXContainerItemProxy */;
			sourceTree = BUILT_PRODUCTS_DIR;
		};
		A10C4A33157D7E1C00DBB7D0 /* ybase64additionsTests.octest */ = {
			isa = PBXReferenceProxy;
			fileType = wrapper.cfbundle;
			path = ybase64additionsTests.octest;
			remoteRef = A10C4A32157D7E1C00DBB7D0 /* PBXContainerItemProxy */;
			sourceTree = BUILT_PRODUCTS_DIR;
		};
		A10C4A35157D7E1C00DBB7D0 /* yoauthTests.octest */ = {
			isa = PBXReferenceProxy;
			fileType = wrapper.cfbundle;
			path = yoauthTests.octest;
			remoteRef = A10C4A34157D7E1C00DBB7D0 /* PBXContainerItemProxy */;
			sourceTree = BUILT_PRODUCTS_DIR;
		};
		A10C4A37157D7E1C00DBB7D0 /* ytoolkit.framework */ = {
			isa = PBXReferenceProxy;
			fileType = wrapper.cfbundle;
			path = ytoolkit.framework;
			remoteRef = A10C4A36157D7E1C00DBB7D0 /* PBXContainerItemProxy */;
			sourceTree = BUILT_PRODUCTS_DIR;
		};
		A10C4A39157D7E1C00DBB7D0 /* yoauthadditionsTests.octest */ = {
			isa = PBXReferenceProxy;
			fileType = wrapper.cfbundle;
			path = yoauthadditionsTests.octest;
			remoteRef = A10C4A38157D7E1C00DBB7D0 /* PBXContainerItemProxy */;
			sourceTree = BUILT_PRODUCTS_DIR;
		};
		A10C4A3B157D7E1C00DBB7D0 /* ytoolkitbundle.bundle */ = {
			isa = PBXReferenceProxy;
			fileType = wrapper.cfbundle;
			path = ytoolkitbundle.bundle;
			remoteRef = A10C4A3A157D7E1C00DBB7D0 /* PBXContainerItemProxy */;
			sourceTree = BUILT_PRODUCTS_DIR;
		};
		A10C4A3D157D7E1C00DBB7D0 /* libycocoaadditions.a */ = {
			isa = PBXReferenceProxy;
			fileType = archive.ar;
			path = libycocoaadditions.a;
			remoteRef = A10C4A3C157D7E1C00DBB7D0 /* PBXContainerItemProxy */;
			sourceTree = BUILT_PRODUCTS_DIR;
		};
/* End PBXReferenceProxy section */

/* Begin PBXResourcesBuildPhase section */
		A8F969E915769E08007D2E6A /* Resources */ = {
			isa = PBXResourcesBuildPhase;
			buildActionMask = 2147483647;
			files = (
				A8F969FA15769E08007D2E6A /* InfoPlist.strings in Resources */,
				A8F96A0315769E08007D2E6A /* MainStoryboard_iPhone.storyboard in Resources */,
				A8F96A0615769E08007D2E6A /* MainStoryboard_iPad.storyboard in Resources */,
				A8F96A0B15769E08007D2E6A /* first.png in Resources */,
				A8F96A0D15769E08007D2E6A /* first@2x.png in Resources */,
				A8F96A1215769E08007D2E6A /* second.png in Resources */,
				A8F96A1415769E08007D2E6A /* second@2x.png in Resources */,
				A8B3553315772C1E004EB874 /* TrelloLoginViewController.xib in Resources */,
				A8137BB715774DD5008674C8 /* I4T.png in Resources */,
				A8137BB915774E23008674C8 /* I4Tx2.png in Resources */,
				A10C4A02157D7E1C00DBB7D0 /* BENCHMARK in Resources */,
				A10C4A03157D7E1C00DBB7D0 /* COPYING in Resources */,
				A10C4A04157D7E1C00DBB7D0 /* COPYING.LESSER in Resources */,
				A10C4A05157D7E1C00DBB7D0 /* README.markdown in Resources */,
				A10C4A12157D7E1C00DBB7D0 /* InfoPlist.strings in Resources */,
				A10C4A13157D7E1C00DBB7D0 /* ytoolkit-Info.plist in Resources */,
				A10C4A14157D7E1C00DBB7D0 /* ErrorLocalizedString.strings in Resources */,
				A10C4A15157D7E1C00DBB7D0 /* InfoPlist.strings in Resources */,
				A10C4A16157D7E1C00DBB7D0 /* ytoolkitbundle-Info.plist in Resources */,
			);
			runOnlyForDeploymentPostprocessing = 0;
		};
		A8F96A1715769E08007D2E6A /* Resources */ = {
			isa = PBXResourcesBuildPhase;
			buildActionMask = 2147483647;
			files = (
				A8F96A2615769E08007D2E6A /* InfoPlist.strings in Resources */,
			);
			runOnlyForDeploymentPostprocessing = 0;
		};
/* End PBXResourcesBuildPhase section */

/* Begin PBXShellScriptBuildPhase section */
		A8F96A1815769E08007D2E6A /* ShellScript */ = {
			isa = PBXShellScriptBuildPhase;
			buildActionMask = 2147483647;
			files = (
			);
			inputPaths = (
			);
			outputPaths = (
			);
			runOnlyForDeploymentPostprocessing = 0;
			shellPath = /bin/sh;
			shellScript = "# Run the unit tests in this test bundle.\n\"${SYSTEM_DEVELOPER_DIR}/Tools/RunUnitTests\"\n";
		};
/* End PBXShellScriptBuildPhase section */

/* Begin PBXSourcesBuildPhase section */
		A8F969E715769E08007D2E6A /* Sources */ = {
			isa = PBXSourcesBuildPhase;
			buildActionMask = 2147483647;
			files = (
				A8F969FC15769E08007D2E6A /* main.m in Sources */,
				A8F96A0015769E08007D2E6A /* VMAppDelegate.m in Sources */,
				A8F96A791576B341007D2E6A /* TrelloBoardOpsViewController.m in Sources */,
				A8F96A7F1576B39D007D2E6A /* TrelloBoardListViewController.m in Sources */,
				A8F96A811576B39D007D2E6A /* TrelloLoginViewController.m in Sources */,
				A8F96A991576B3D6007D2E6A /* AFHTTPClient.m in Sources */,
				A8F96A9B1576B3D6007D2E6A /* AFHTTPRequestOperation.m in Sources */,
				A8F96A9D1576B3D6007D2E6A /* AFImageRequestOperation.m in Sources */,
				A8F96A9F1576B3D6007D2E6A /* AFJSONRequestOperation.m in Sources */,
				A8F96AA11576B3D6007D2E6A /* AFJSONUtilities.m in Sources */,
				A8F96AA31576B3D6007D2E6A /* AFNetworkActivityIndicatorManager.m in Sources */,
				A8F96AA51576B3D6007D2E6A /* AFPropertyListRequestOperation.m in Sources */,
				A8F96AA71576B3D6007D2E6A /* AFURLConnectionOperation.m in Sources */,
				A8F96AA91576B3D6007D2E6A /* AFXMLRequestOperation.m in Sources */,
				A8F96AAB1576B3D6007D2E6A /* UIImageView+AFNetworking.m in Sources */,
				A8F96B511576B54B007D2E6A /* OAuthBaseFeedViewController.m in Sources */,
				A8F96B531576B54B007D2E6A /* OAuthv1BaseFeedViewController.m in Sources */,
				A8F96B551576B54B007D2E6A /* OAuthv1BaseLoginViewController.m in Sources */,
				A8F96B5C1576B6EB007D2E6A /* Reachability.m in Sources */,
				A8F96B601576B741007D2E6A /* VMTools.m in Sources */,
				A8137BB515774AAC008674C8 /* VMTabBarController.m in Sources */,
				A89A6AFF15780C4C00AE8ADC /* TrelloClientCredentials.m in Sources */,
				A89A6B0015780C4C00AE8ADC /* VMTrelloApiClient+Action.m in Sources */,
				A89A6B0115780C4C00AE8ADC /* VMTrelloApiClient+Board.m in Sources */,
				A89A6B0215780C4C00AE8ADC /* VMTrelloApiClient+Card.m in Sources */,
				A89A6B0315780C4C00AE8ADC /* VMTrelloApiClient+Checklist.m in Sources */,
				A89A6B0415780C4C00AE8ADC /* VMTrelloApiClient+List.m in Sources */,
				A89A6B0515780C4C00AE8ADC /* VMTrelloApiClient+Member.m in Sources */,
				A89A6B0615780C4C00AE8ADC /* VMTrelloApiClient+Notification.m in Sources */,
				A89A6B0715780C4C00AE8ADC /* VMTrelloApiClient+Organization.m in Sources */,
				A89A6B0815780C4C00AE8ADC /* VMTrelloApiClient+Token.m in Sources */,
				A89A6B0915780C4C00AE8ADC /* VMTrelloApiClient+Type.m in Sources */,
				A89A6B0A15780C4C00AE8ADC /* VMTrelloApiClient.m in Sources */,
				A89A6B1E15783AE000AE8ADC /* TrelloDataEntryViewController.m in Sources */,
				A10C4A06157D7E1C00DBB7D0 /* ybase64.c in Sources */,
				A10C4A07157D7E1C00DBB7D0 /* NSData+YBase64String.m in Sources */,
				A10C4A08157D7E1C00DBB7D0 /* NSString+YBase64toData.m in Sources */,
				A10C4A09157D7E1C00DBB7D0 /* NSDictionary+YHTTPURLDictionary.m in Sources */,
				A10C4A0A157D7E1C00DBB7D0 /* NSMutableDictionary+YDuplicatableDictionary.m in Sources */,
				A10C4A0B157D7E1C00DBB7D0 /* NSString+YHTTPURLString.m in Sources */,
				A10C4A0C157D7E1C00DBB7D0 /* yoauthv1.m in Sources */,
				A10C4A0D157D7E1C00DBB7D0 /* yoauthv1_internal.m in Sources */,
				A10C4A0E157D7E1C00DBB7D0 /* NSError+YOAuthv2.m in Sources */,
				A10C4A0F157D7E1C00DBB7D0 /* yoauthv2.m in Sources */,
				A10C4A10157D7E1C00DBB7D0 /* yoauth_utilities.m in Sources */,
				A10C4A11157D7E1C00DBB7D0 /* NSMutableURLRequest+YOAuth.m in Sources */,
			);
			runOnlyForDeploymentPostprocessing = 0;
		};
		A8F96A1515769E08007D2E6A /* Sources */ = {
			isa = PBXSourcesBuildPhase;
			buildActionMask = 2147483647;
			files = (
				A8F96A2915769E08007D2E6A /* ios_trelloTests.m in Sources */,
			);
			runOnlyForDeploymentPostprocessing = 0;
		};
/* End PBXSourcesBuildPhase section */

/* Begin PBXTargetDependency section */
		A10C4A3F157D7E2700DBB7D0 /* PBXTargetDependency */ = {
			isa = PBXTargetDependency;
			name = ytoolkit;
			targetProxy = A10C4A3E157D7E2700DBB7D0 /* PBXContainerItemProxy */;
		};
		A8F96A2015769E08007D2E6A /* PBXTargetDependency */ = {
			isa = PBXTargetDependency;
			target = A8F969EA15769E08007D2E6A /* ios4trello */;
			targetProxy = A8F96A1F15769E08007D2E6A /* PBXContainerItemProxy */;
		};
/* End PBXTargetDependency section */

/* Begin PBXVariantGroup section */
		A10C49F1157D7E1B00DBB7D0 /* InfoPlist.strings */ = {
			isa = PBXVariantGroup;
			children = (
				A10C49F2157D7E1B00DBB7D0 /* en */,
			);
			name = InfoPlist.strings;
			sourceTree = "<group>";
		};
		A10C49F9157D7E1B00DBB7D0 /* ErrorLocalizedString.strings */ = {
			isa = PBXVariantGroup;
			children = (
				A10C49FA157D7E1B00DBB7D0 /* en */,
			);
			name = ErrorLocalizedString.strings;
			sourceTree = "<group>";
		};
		A10C49FB157D7E1B00DBB7D0 /* InfoPlist.strings */ = {
			isa = PBXVariantGroup;
			children = (
				A10C49FC157D7E1B00DBB7D0 /* en */,
			);
			name = InfoPlist.strings;
			sourceTree = "<group>";
		};
		A8F969F815769E08007D2E6A /* InfoPlist.strings */ = {
			isa = PBXVariantGroup;
			children = (
				A8F969F915769E08007D2E6A /* en */,
			);
			name = InfoPlist.strings;
			sourceTree = "<group>";
		};
		A8F96A0115769E08007D2E6A /* MainStoryboard_iPhone.storyboard */ = {
			isa = PBXVariantGroup;
			children = (
				A8F96A0215769E08007D2E6A /* en */,
			);
			name = MainStoryboard_iPhone.storyboard;
			sourceTree = "<group>";
		};
		A8F96A0415769E08007D2E6A /* MainStoryboard_iPad.storyboard */ = {
			isa = PBXVariantGroup;
			children = (
				A8F96A0515769E08007D2E6A /* en */,
			);
			name = MainStoryboard_iPad.storyboard;
			sourceTree = "<group>";
		};
		A8F96A2415769E08007D2E6A /* InfoPlist.strings */ = {
			isa = PBXVariantGroup;
			children = (
				A8F96A2515769E08007D2E6A /* en */,
			);
			name = InfoPlist.strings;
			sourceTree = "<group>";
		};
/* End PBXVariantGroup section */

/* Begin XCBuildConfiguration section */
		A8F96A2A15769E08007D2E6A /* Debug */ = {
			isa = XCBuildConfiguration;
			buildSettings = {
				ALWAYS_SEARCH_USER_PATHS = NO;
				ARCHS = "$(ARCHS_STANDARD_32_BIT)";
				CLANG_ENABLE_OBJC_ARC = YES;
				"CODE_SIGN_IDENTITY[sdk=iphoneos*]" = "iPhone Developer";
				COPY_PHASE_STRIP = NO;
				GCC_C_LANGUAGE_STANDARD = gnu99;
				GCC_DYNAMIC_NO_PIC = NO;
				GCC_OPTIMIZATION_LEVEL = 0;
				GCC_PREPROCESSOR_DEFINITIONS = (
					"DEBUG=1",
					"$(inherited)",
				);
				GCC_SYMBOLS_PRIVATE_EXTERN = NO;
				GCC_VERSION = com.apple.compilers.llvm.clang.1_0;
				GCC_WARN_ABOUT_RETURN_TYPE = YES;
				GCC_WARN_UNINITIALIZED_AUTOS = YES;
				GCC_WARN_UNUSED_VARIABLE = YES;
				IPHONEOS_DEPLOYMENT_TARGET = 5.1;
				OTHER_LDFLAGS = (
					"-Objc",
					"-all_load",
				);
				SDKROOT = iphoneos;
				TARGETED_DEVICE_FAMILY = "1,2";
			};
			name = Debug;
		};
		A8F96A2B15769E08007D2E6A /* Release */ = {
			isa = XCBuildConfiguration;
			buildSettings = {
				ALWAYS_SEARCH_USER_PATHS = NO;
				ARCHS = "$(ARCHS_STANDARD_32_BIT)";
				CLANG_ENABLE_OBJC_ARC = YES;
				"CODE_SIGN_IDENTITY[sdk=iphoneos*]" = "iPhone Developer";
				COPY_PHASE_STRIP = YES;
				GCC_C_LANGUAGE_STANDARD = gnu99;
				GCC_VERSION = com.apple.compilers.llvm.clang.1_0;
				GCC_WARN_ABOUT_RETURN_TYPE = YES;
				GCC_WARN_UNINITIALIZED_AUTOS = YES;
				GCC_WARN_UNUSED_VARIABLE = YES;
				IPHONEOS_DEPLOYMENT_TARGET = 5.1;
				OTHER_CFLAGS = "-DNS_BLOCK_ASSERTIONS=1";
				OTHER_LDFLAGS = (
					"-Objc",
					"-all_load",
				);
				SDKROOT = iphoneos;
				TARGETED_DEVICE_FAMILY = "1,2";
				VALIDATE_PRODUCT = YES;
			};
			name = Release;
		};
		A8F96A2D15769E08007D2E6A /* Debug */ = {
			isa = XCBuildConfiguration;
			buildSettings = {
				FRAMEWORK_SEARCH_PATHS = (
					"$(inherited)",
					"\"$(SRCROOT)/../../../DancePlanner\"",
				);
				GCC_PRECOMPILE_PREFIX_HEADER = YES;
				GCC_PREFIX_HEADER = "ios-trello/ios-trello-Prefix.pch";
				HEADER_SEARCH_PATHS = "{BUILT_PRODUCTS_DIR}/usr/local/include";
				INFOPLIST_FILE = "ios-trello/ios-trello-Info.plist";
				OTHER_LDFLAGS = (
					"-ObjC",
					"-all_load",
				);
				PRODUCT_NAME = "$(TARGET_NAME)";
				WRAPPER_EXTENSION = app;
			};
			name = Debug;
		};
		A8F96A2E15769E08007D2E6A /* Release */ = {
			isa = XCBuildConfiguration;
			buildSettings = {
				FRAMEWORK_SEARCH_PATHS = (
					"$(inherited)",
					"\"$(SRCROOT)/../../../DancePlanner\"",
				);
				GCC_PRECOMPILE_PREFIX_HEADER = YES;
				GCC_PREFIX_HEADER = "ios-trello/ios-trello-Prefix.pch";
				HEADER_SEARCH_PATHS = "{BUILT_PRODUCTS_DIR}/usr/local/include";
				INFOPLIST_FILE = "ios-trello/ios-trello-Info.plist";
				OTHER_LDFLAGS = (
					"-ObjC",
					"-all_load",
				);
				PRODUCT_NAME = "$(TARGET_NAME)";
				WRAPPER_EXTENSION = app;
			};
			name = Release;
		};
		A8F96A3015769E08007D2E6A /* Debug */ = {
			isa = XCBuildConfiguration;
			buildSettings = {
				BUNDLE_LOADER = "$(BUILT_PRODUCTS_DIR)/ios-trello.app/ios-trello";
				FRAMEWORK_SEARCH_PATHS = (
					"$(SDKROOT)/Developer/Library/Frameworks",
					"$(DEVELOPER_LIBRARY_DIR)/Frameworks",
				);
				GCC_PRECOMPILE_PREFIX_HEADER = YES;
				GCC_PREFIX_HEADER = "ios-trello/ios-trello-Prefix.pch";
				INFOPLIST_FILE = "ios-trelloTests/ios-trelloTests-Info.plist";
				PRODUCT_NAME = "$(TARGET_NAME)";
				TEST_HOST = "$(BUNDLE_LOADER)";
				WRAPPER_EXTENSION = octest;
			};
			name = Debug;
		};
		A8F96A3115769E08007D2E6A /* Release */ = {
			isa = XCBuildConfiguration;
			buildSettings = {
				BUNDLE_LOADER = "$(BUILT_PRODUCTS_DIR)/ios-trello.app/ios-trello";
				FRAMEWORK_SEARCH_PATHS = (
					"$(SDKROOT)/Developer/Library/Frameworks",
					"$(DEVELOPER_LIBRARY_DIR)/Frameworks",
				);
				GCC_PRECOMPILE_PREFIX_HEADER = YES;
				GCC_PREFIX_HEADER = "ios-trello/ios-trello-Prefix.pch";
				INFOPLIST_FILE = "ios-trelloTests/ios-trelloTests-Info.plist";
				PRODUCT_NAME = "$(TARGET_NAME)";
				TEST_HOST = "$(BUNDLE_LOADER)";
				WRAPPER_EXTENSION = octest;
			};
			name = Release;
		};
/* End XCBuildConfiguration section */

/* Begin XCConfigurationList section */
		A8F969E515769E08007D2E6A /* Build configuration list for PBXProject "ios-trello" */ = {
			isa = XCConfigurationList;
			buildConfigurations = (
				A8F96A2A15769E08007D2E6A /* Debug */,
				A8F96A2B15769E08007D2E6A /* Release */,
			);
			defaultConfigurationIsVisible = 0;
			defaultConfigurationName = Release;
		};
		A8F96A2C15769E08007D2E6A /* Build configuration list for PBXNativeTarget "ios4trello" */ = {
			isa = XCConfigurationList;
			buildConfigurations = (
				A8F96A2D15769E08007D2E6A /* Debug */,
				A8F96A2E15769E08007D2E6A /* Release */,
			);
			defaultConfigurationIsVisible = 0;
			defaultConfigurationName = Release;
		};
		A8F96A2F15769E08007D2E6A /* Build configuration list for PBXNativeTarget "ios-trelloTests" */ = {
			isa = XCConfigurationList;
			buildConfigurations = (
				A8F96A3015769E08007D2E6A /* Debug */,
				A8F96A3115769E08007D2E6A /* Release */,
			);
			defaultConfigurationIsVisible = 0;
			defaultConfigurationName = Release;
		};
/* End XCConfigurationList section */
	};
	rootObject = A8F969E215769E08007D2E6A /* Project object */;
}
